<?xml version="1.0" encoding="utf-8"?>
<Project ToolsVersion="4.0" xmlns="http://schemas.microsoft.com/developer/msbuild/2003">
  <ItemGroup>
    <Filter Include="DSPFilters">
      <UniqueIdentifier>{52c4da66-cb6b-4cc7-8aff-fe39e09b93db}</UniqueIdentifier>
    </Filter>
    <Filter Include="DSPFilters\source">
      <UniqueIdentifier>{944555a0-77c0-4fd0-94bb-90a7ebd09f2b}</UniqueIdentifier>
    </Filter>
    <Filter Include="Demo">
      <UniqueIdentifier>{d91f486e-13ac-45e0-85e3-2f68f2606006}</UniqueIdentifier>
    </Filter>
    <Filter Include="JuceAmalgamation">
      <UniqueIdentifier>{6de0e1c6-d674-4b2e-bef0-889487173aeb}</UniqueIdentifier>
    </Filter>
    <Filter Include="JuceAmalgamation\MacOSX Files %28unused%29">
      <UniqueIdentifier>{4a9b70c6-63a1-4dc9-8b15-5a984662207b}</UniqueIdentifier>
    </Filter>
    <Filter Include="JuceAmalgamation\Config %28edit as needed%29">
      <UniqueIdentifier>{f4662d26-c267-46a0-8b69-840c7e14e830}</UniqueIdentifier>
    </Filter>
    <Filter Include="JuceAmalgamation\Sources %28not compiled directly%29">
      <UniqueIdentifier>{fce5d3cf-8e6c-4604-b830-8f0243c80ef2}</UniqueIdentifier>
    </Filter>
    <Filter Include="JuceAmalgamation\Windows Files">
      <UniqueIdentifier>{3ec06f7f-5bc9-41e9-a3fe-e81b6393b80b}</UniqueIdentifier>
    </Filter>
    <Filter Include="JuceAmalgamation\Header %28include this to use Juce%29">
      <UniqueIdentifier>{7ac78714-70ad-43d2-b9ab-a09abcb54892}</UniqueIdentifier>
    </Filter>
    <Filter Include="DSPFilters\include %28add to your include paths%29">
      <UniqueIdentifier>{e66d20ab-1889-4285-a6aa-b30a802b12c9}</UniqueIdentifier>
    </Filter>
    <Filter Include="Demo\headers">
      <UniqueIdentifier>{a21cfc86-33e9-4247-8b17-0282c2e5c460}</UniqueIdentifier>
    </Filter>
    <Filter Include="Demo\_precompile">
      <UniqueIdentifier>{03963634-abf8-49c0-a6a9-1b1e4740c4e2}</UniqueIdentifier>
    </Filter>
    <Filter Include="Demo\resources">
      <UniqueIdentifier>{51229aae-3a1f-4e96-ba9a-e069f0e7f1c1}</UniqueIdentifier>
    </Filter>
  </ItemGroup>
  <ItemGroup>
    <ClInclude Include="..\..\Juce\AppConfig.h">
      <Filter>JuceAmalgamation\Config %28edit as needed%29</Filter>
    </ClInclude>
    <ClInclude Include="..\..\Juce\juce_amalgamated.h">
      <Filter>JuceAmalgamation\Sources %28not compiled directly%29</Filter>
    </ClInclude>
    <ClInclude Include="..\..\Juce\JuceHeader.h">
      <Filter>JuceAmalgamation\Header %28include this to use Juce%29</Filter>
    </ClInclude>
    <ClInclude Include="..\..\include\DspFilters\Bessel.h">
      <Filter>DSPFilters\include %28add to your include paths%29</Filter>
    </ClInclude>
    <ClInclude Include="..\..\include\DspFilters\Biquad.h">
      <Filter>DSPFilters\include %28add to your include paths%29</Filter>
    </ClInclude>
    <ClInclude Include="..\..\include\DspFilters\Butterworth.h">
      <Filter>DSPFilters\include %28add to your include paths%29</Filter>
    </ClInclude>
    <ClInclude Include="..\..\include\DspFilters\Cascade.h">
      <Filter>DSPFilters\include %28add to your include paths%29</Filter>
    </ClInclude>
    <ClInclude Include="..\..\include\DspFilters\ChebyshevI.h">
      <Filter>DSPFilters\include %28add to your include paths%29</Filter>
    </ClInclude>
    <ClInclude Include="..\..\include\DspFilters\ChebyshevII.h">
      <Filter>DSPFilters\include %28add to your include paths%29</Filter>
    </ClInclude>
    <ClInclude Include="..\..\include\DspFilters\Common.h">
      <Filter>DSPFilters\include %28add to your include paths%29</Filter>
    </ClInclude>
    <ClInclude Include="..\..\include\DspFilters\Custom.h">
      <Filter>DSPFilters\include %28add to your include paths%29</Filter>
    </ClInclude>
    <ClInclude Include="..\..\include\DspFilters\Design.h">
      <Filter>DSPFilters\include %28add to your include paths%29</Filter>
    </ClInclude>
    <ClInclude Include="..\..\include\DspFilters\Dsp.h">
      <Filter>DSPFilters\include %28add to your include paths%29</Filter>
    </ClInclude>
    <ClInclude Include="..\..\include\DspFilters\Elliptic.h">
      <Filter>DSPFilters\include %28add to your include paths%29</Filter>
    </ClInclude>
    <ClInclude Include="..\..\include\DspFilters\Filter.h">
      <Filter>DSPFilters\include %28add to your include paths%29</Filter>
    </ClInclude>
    <ClInclude Include="..\..\include\DspFilters\Layout.h">
      <Filter>DSPFilters\include %28add to your include paths%29</Filter>
    </ClInclude>
    <ClInclude Include="..\..\include\DspFilters\Legendre.h">
      <Filter>DSPFilters\include %28add to your include paths%29</Filter>
    </ClInclude>
    <ClInclude Include="..\..\include\DspFilters\MathSupplement.h">
      <Filter>DSPFilters\include %28add to your include paths%29</Filter>
    </ClInclude>
    <ClInclude Include="..\..\include\DspFilters\Params.h">
      <Filter>DSPFilters\include %28add to your include paths%29</Filter>
    </ClInclude>
    <ClInclude Include="..\..\include\DspFilters\PoleFilter.h">
      <Filter>DSPFilters\include %28add to your include paths%29</Filter>
    </ClInclude>
    <ClInclude Include="..\..\include\DspFilters\RBJ.h">
      <Filter>DSPFilters\include %28add to your include paths%29</Filter>
    </ClInclude>
    <ClInclude Include="..\..\include\DspFilters\RootFinder.h">
      <Filter>DSPFilters\include %28add to your include paths%29</Filter>
    </ClInclude>
    <ClInclude Include="..\..\include\DspFilters\SmoothedFilter.h">
      <Filter>DSPFilters\include %28add to your include paths%29</Filter>
    </ClInclude>
    <ClInclude Include="..\..\include\DspFilters\State.h">
      <Filter>DSPFilters\include %28add to your include paths%29</Filter>
    </ClInclude>
    <ClInclude Include="..\..\include\DspFilters\Types.h">
      <Filter>DSPFilters\include %28add to your include paths%29</Filter>
    </ClInclude>
    <ClInclude Include="..\..\include\DspFilters\Utilities.h">
      <Filter>DSPFilters\include %28add to your include paths%29</Filter>
    </ClInclude>
    <ClInclude Include="..\..\demo\bond.h">
      <Filter>Demo\headers</Filter>
    </ClInclude>
    <ClInclude Include="..\..\demo\BrickWallChart.h">
      <Filter>Demo\headers</Filter>
    </ClInclude>
    <ClInclude Include="..\..\demo\Common.h">
      <Filter>Demo\headers</Filter>
    </ClInclude>
    <ClInclude Include="..\..\demo\CpuMeter.h">
      <Filter>Demo\headers</Filter>
    </ClInclude>
    <ClInclude Include="..\..\demo\CustomSlider.h">
      <Filter>Demo\headers</Filter>
    </ClInclude>
    <ClInclude Include="..\..\demo\FilterChart.h">
      <Filter>Demo\headers</Filter>
    </ClInclude>
    <ClInclude Include="..\..\demo\FilterControls.h">
      <Filter>Demo\headers</Filter>
    </ClInclude>
    <ClInclude Include="..\..\demo\FilteringAudioSource.h">
      <Filter>Demo\headers</Filter>
    </ClInclude>
    <ClInclude Include="..\..\demo\FilterListener.h">
      <Filter>Demo\headers</Filter>
    </ClInclude>
    <ClInclude Include="..\..\demo\GainChart.h">
      <Filter>Demo\headers</Filter>
    </ClInclude>
    <ClInclude Include="..\..\demo\GroupDelayChart.h">
      <Filter>Demo\headers</Filter>
    </ClInclude>
    <ClInclude Include="..\..\demo\MainPanel.h">
      <Filter>Demo\headers</Filter>
    </ClInclude>
    <ClInclude Include="..\..\demo\MainApp.h">
      <Filter>Demo\headers</Filter>
    </ClInclude>
    <ClInclude Include="..\..\demo\MainWindow.h">
      <Filter>Demo\headers</Filter>
    </ClInclude>
    <ClInclude Include="..\..\demo\NoiseAudioSource.h">
      <Filter>Demo\headers</Filter>
    </ClInclude>
    <ClInclude Include="..\..\demo\PhaseChart.h">
      <Filter>Demo\headers</Filter>
    </ClInclude>
    <ClInclude Include="..\..\demo\PoleZeroChart.h">
      <Filter>Demo\headers</Filter>
    </ClInclude>
    <ClInclude Include="..\..\demo\ResamplingReader.h">
      <Filter>Demo\headers</Filter>
    </ClInclude>
    <ClInclude Include="..\..\demo\ResizableLayout.h">
      <Filter>Demo\headers</Filter>
    </ClInclude>
    <ClInclude Include="..\..\demo\SettingsPanel.h">
      <Filter>Demo\headers</Filter>
    </ClInclude>
    <ClInclude Include="..\..\demo\SettingsWindow.h">
      <Filter>Demo\headers</Filter>
    </ClInclude>
    <ClInclude Include="..\..\demo\SliderGroup.h">
      <Filter>Demo\headers</Filter>
    </ClInclude>
    <ClInclude Include="..\..\demo\StepResponseChart.h">
      <Filter>Demo\headers</Filter>
    </ClInclude>
    <ClInclude Include="..\..\demo\ThreadQueue.h">
      <Filter>Demo\headers</Filter>
    </ClInclude>
    <ClInclude Include="..\..\demo\AudioOutput.h">
      <Filter>Demo\headers</Filter>
    </ClInclude>
    <ClInclude Include="..\..\demo\ContentComponentConstrainer.h">
      <Filter>Demo\headers</Filter>
    </ClInclude>
    <ClInclude Include="..\..\demo\binaries.h">
      <Filter>Demo\headers</Filter>
    </ClInclude>
  </ItemGroup>
  <ItemGroup>
    <ClCompile Include="..\..\Juce\juce_amalgamated4.cpp">
      <Filter>JuceAmalgamation\Sources %28not compiled directly%29</Filter>
    </ClCompile>
    <ClCompile Include="..\..\Juce\juce_amalgamated1.cpp">
      <Filter>JuceAmalgamation\Sources %28not compiled directly%29</Filter>
    </ClCompile>
    <ClCompile Include="..\..\Juce\juce_amalgamated2.cpp">
      <Filter>JuceAmalgamation\Sources %28not compiled directly%29</Filter>
    </ClCompile>
    <ClCompile Include="..\..\Juce\juce_amalgamated3.cpp">
      <Filter>JuceAmalgamation\Sources %28not compiled directly%29</Filter>
    </ClCompile>
    <ClCompile Include="..\..\Juce\JuceLibraryCode1.cpp">
      <Filter>JuceAmalgamation\Windows Files</Filter>
    </ClCompile>
    <ClCompile Include="..\..\Juce\JuceLibraryCode4.cpp">
      <Filter>JuceAmalgamation\Windows Files</Filter>
    </ClCompile>
    <ClCompile Include="..\..\Juce\JuceLibraryCode2.cpp">
      <Filter>JuceAmalgamation\Windows Files</Filter>
    </ClCompile>
    <ClCompile Include="..\..\Juce\JuceLibraryCode3.cpp">
      <Filter>JuceAmalgamation\Windows Files</Filter>
    </ClCompile>
    <ClCompile Include="..\..\demo\AudioOutput.cpp">
      <Filter>Demo</Filter>
    </ClCompile>
    <ClCompile Include="..\..\demo\binaries.cpp">
      <Filter>Demo</Filter>
    </ClCompile>
    <ClCompile Include="..\..\demo\BrickWallChart.cpp">
      <Filter>Demo</Filter>
    </ClCompile>
    <ClCompile Include="..\..\demo\CpuMeter.cpp">
      <Filter>Demo</Filter>
    </ClCompile>
    <ClCompile Include="..\..\demo\FilterChart.cpp">
      <Filter>Demo</Filter>
    </ClCompile>
    <ClCompile Include="..\..\demo\FilterControls.cpp">
      <Filter>Demo</Filter>
    </ClCompile>
    <ClCompile Include="..\..\demo\FilteringAudioSource.cpp">
      <Filter>Demo</Filter>
    </ClCompile>
    <ClCompile Include="..\..\demo\GainChart.cpp">
      <Filter>Demo</Filter>
    </ClCompile>
    <ClCompile Include="..\..\demo\GroupDelayChart.cpp">
      <Filter>Demo</Filter>
    </ClCompile>
    <ClCompile Include="..\..\demo\MainApp.cpp">
      <Filter>Demo</Filter>
    </ClCompile>
    <ClCompile Include="..\..\demo\MainPanel.cpp">
      <Filter>Demo</Filter>
    </ClCompile>
    <ClCompile Include="..\..\demo\MainWindow.cpp">
      <Filter>Demo</Filter>
    </ClCompile>
    <ClCompile Include="..\..\demo\NoiseAudioSource.cpp">
      <Filter>Demo</Filter>
    </ClCompile>
    <ClCompile Include="..\..\demo\PhaseChart.cpp">
      <Filter>Demo</Filter>
    </ClCompile>
    <ClCompile Include="..\..\demo\PoleZeroChart.cpp">
      <Filter>Demo</Filter>
    </ClCompile>
    <ClCompile Include="..\..\demo\ResamplingReader.cpp">
      <Filter>Demo</Filter>
    </ClCompile>
    <ClCompile Include="..\..\demo\ResizableLayout.cpp">
      <Filter>Demo</Filter>
    </ClCompile>
    <ClCompile Include="..\..\demo\SettingsPanel.cpp">
      <Filter>Demo</Filter>
    </ClCompile>
    <ClCompile Include="..\..\demo\SettingsWindow.cpp">
      <Filter>Demo</Filter>
    </ClCompile>
    <ClCompile Include="..\..\demo\SliderGroup.cpp">
      <Filter>Demo</Filter>
    </ClCompile>
    <ClCompile Include="..\..\demo\StepResponseChart.cpp">
      <Filter>Demo</Filter>
    </ClCompile>
    <ClCompile Include="..\..\demo\ThreadQueue.cpp">
      <Filter>Demo</Filter>
    </ClCompile>
    <ClCompile Include="..\..\source\Bessel.cpp">
      <Filter>DSPFilters\source</Filter>
    </ClCompile>
    <ClCompile Include="..\..\source\Biquad.cpp">
      <Filter>DSPFilters\source</Filter>
    </ClCompile>
    <ClCompile Include="..\..\source\Butterworth.cpp">
      <Filter>DSPFilters\source</Filter>
    </ClCompile>
    <ClCompile Include="..\..\source\Cascade.cpp">
      <Filter>DSPFilters\source</Filter>
    </ClCompile>
    <ClCompile Include="..\..\source\ChebyshevI.cpp">
      <Filter>DSPFilters\source</Filter>
    </ClCompile>
    <ClCompile Include="..\..\source\ChebyshevII.cpp">
      <Filter>DSPFilters\source</Filter>
    </ClCompile>
    <ClCompile Include="..\..\source\Custom.cpp">
      <Filter>DSPFilters\source</Filter>
    </ClCompile>
    <ClCompile Include="..\..\source\Design.cpp">
      <Filter>DSPFilters\source</Filter>
    </ClCompile>
    <ClCompile Include="..\..\source\Documentation.cpp">
      <Filter>DSPFilters\source</Filter>
    </ClCompile>
    <ClCompile Include="..\..\source\Elliptic.cpp">
      <Filter>DSPFilters\source</Filter>
    </ClCompile>
    <ClCompile Include="..\..\source\Filter.cpp">
      <Filter>DSPFilters\source</Filter>
    </ClCompile>
    <ClCompile Include="..\..\source\Legendre.cpp">
      <Filter>DSPFilters\source</Filter>
    </ClCompile>
    <ClCompile Include="..\..\source\Param.cpp">
      <Filter>DSPFilters\source</Filter>
    </ClCompile>
    <ClCompile Include="..\..\source\PoleFilter.cpp">
      <Filter>DSPFilters\source</Filter>
    </ClCompile>
    <ClCompile Include="..\..\source\RBJ.cpp">
      <Filter>DSPFilters\source</Filter>
    </ClCompile>
    <ClCompile Include="..\..\source\RootFinder.cpp">
      <Filter>DSPFilters\source</Filter>
    </ClCompile>
    <ClCompile Include="..\..\source\State.cpp">
      <Filter>DSPFilters\source</Filter>
    </ClCompile>
    <ClCompile Include="..\..\demo\Precompile.cpp">
      <Filter>Demo\_precompile</Filter>
    </ClCompile>
  </ItemGroup>
  <ItemGroup>
    <None Include="..\..\Juce\JuceLibraryCode4.mm">
      <Filter>JuceAmalgamation\MacOSX Files %28unused%29</Filter>
    </None>
    <None Include="..\..\Juce\JuceLibraryCode3.mm">
      <Filter>JuceAmalgamation\MacOSX Files %28unused%29</Filter>
    </None>
    <None Include="..\..\Juce\JuceLibraryCode2.mm">
      <Filter>JuceAmalgamation\MacOSX Files %28unused%29</Filter>
    </None>
    <None Include="..\..\Juce\JuceLibraryCode1.mm">
      <Filter>JuceAmalgamation\MacOSX Files %28unused%29</Filter>
    </None>
    <None Include="..\..\Juce\JuceAmalgamator.sh">
      <Filter>JuceAmalgamation\MacOSX Files %28unused%29</Filter>
    </None>
  </ItemGroup>
  <ItemGroup>
    <ResourceCompile Include="Resources.rc">
      <Filter>Demo\resources</Filter>
    </ResourceCompile>
  </ItemGroup>
</Project>