<?xml version="1.0" encoding="utf-8"?>
<Project ToolsVersion="4.0" xmlns="http://schemas.microsoft.com/developer/msbuild/2003">
  <ItemGroup>
    <Filter Include="include">
      <UniqueIdentifier>{93995380-89BD-4b04-88EB-625FBE52EBFB}</UniqueIdentifier>
      <Extensions>h;hpp;hxx;hm;inl;inc;xsd</Extensions>
    </Filter>
    <Filter Include="source">
      <UniqueIdentifier>{4FC737F1-C7A5-4376-A066-2A32D752A2FF}</UniqueIdentifier>
      <Extensions>cpp;c;cc;cxx;def;odl;idl;hpj;bat;asm;asmx</Extensions>
    </Filter>
    <Filter Include="_props %28shared project settings%29">
      <UniqueIdentifier>{105d5716-f279-4189-824d-7b8c653b1502}</UniqueIdentifier>
    </Filter>
  </ItemGroup>
  <ItemGroup>
    <ClInclude Include="..\..\include\DspFilters\ChebyshevII.h">
      <Filter>include</Filter>
    </ClInclude>
    <ClInclude Include="..\..\include\DspFilters\Common.h">
      <Filter>include</Filter>
    </ClInclude>
    <ClInclude Include="..\..\include\DspFilters\Custom.h">
      <Filter>include</Filter>
    </ClInclude>
    <ClInclude Include="..\..\include\DspFilters\Design.h">
      <Filter>include</Filter>
    </ClInclude>
    <ClInclude Include="..\..\include\DspFilters\Dsp.h">
      <Filter>include</Filter>
    </ClInclude>
    <ClInclude Include="..\..\include\DspFilters\Elliptic.h">
      <Filter>include</Filter>
    </ClInclude>
    <ClInclude Include="..\..\include\DspFilters\Filter.h">
      <Filter>include</Filter>
    </ClInclude>
    <ClInclude Include="..\..\include\DspFilters\Layout.h">
      <Filter>include</Filter>
    </ClInclude>
    <ClInclude Include="..\..\include\DspFilters\Legendre.h">
      <Filter>include</Filter>
    </ClInclude>
    <ClInclude Include="..\..\include\DspFilters\MathSupplement.h">
      <Filter>include</Filter>
    </ClInclude>
    <ClInclude Include="..\..\include\DspFilters\Params.h">
      <Filter>include</Filter>
    </ClInclude>
    <ClInclude Include="..\..\include\DspFilters\PoleFilter.h">
      <Filter>include</Filter>
    </ClInclude>
    <ClInclude Include="..\..\include\DspFilters\RBJ.h">
      <Filter>include</Filter>
    </ClInclude>
    <ClInclude Include="..\..\include\DspFilters\RootFinder.h">
      <Filter>include</Filter>
    </ClInclude>
    <ClInclude Include="..\..\include\DspFilters\SmoothedFilter.h">
      <Filter>include</Filter>
    </ClInclude>
    <ClInclude Include="..\..\include\DspFilters\State.h">
      <Filter>include</Filter>
    </ClInclude>
    <ClInclude Include="..\..\include\DspFilters\Types.h">
      <Filter>include</Filter>
    </ClInclude>
    <ClInclude Include="..\..\include\DspFilters\Utilities.h">
      <Filter>include</Filter>
    </ClInclude>
    <ClInclude Include="..\..\include\DspFilters\Bessel.h">
      <Filter>include</Filter>
    </ClInclude>
    <ClInclude Include="..\..\include\DspFilters\Biquad.h">
      <Filter>include</Filter>
    </ClInclude>
    <ClInclude Include="..\..\include\DspFilters\Butterworth.h">
      <Filter>include</Filter>
    </ClInclude>
    <ClInclude Include="..\..\include\DspFilters\Cascade.h">
      <Filter>include</Filter>
    </ClInclude>
    <ClInclude Include="..\..\include\DspFilters\ChebyshevI.h">
      <Filter>include</Filter>
    </ClInclude>
  </ItemGroup>
  <ItemGroup>
    <ClCompile Include="..\..\source\Bessel.cpp">
      <Filter>source</Filter>
    </ClCompile>
    <ClCompile Include="..\..\source\Biquad.cpp">
      <Filter>source</Filter>
    </ClCompile>
    <ClCompile Include="..\..\source\Butterworth.cpp">
      <Filter>source</Filter>
    </ClCompile>
    <ClCompile Include="..\..\source\Cascade.cpp">
      <Filter>source</Filter>
    </ClCompile>
    <ClCompile Include="..\..\source\ChebyshevI.cpp">
      <Filter>source</Filter>
    </ClCompile>
    <ClCompile Include="..\..\source\ChebyshevII.cpp">
      <Filter>source</Filter>
    </ClCompile>
    <ClCompile Include="..\..\source\Custom.cpp">
      <Filter>source</Filter>
    </ClCompile>
    <ClCompile Include="..\..\source\Design.cpp">
      <Filter>source</Filter>
    </ClCompile>
    <ClCompile Include="..\..\source\Documentation.cpp">
      <Filter>source</Filter>
    </ClCompile>
    <ClCompile Include="..\..\source\Elliptic.cpp">
      <Filter>source</Filter>
    </ClCompile>
    <ClCompile Include="..\..\source\Filter.cpp">
      <Filter>source</Filter>
    </ClCompile>
    <ClCompile Include="..\..\source\Legendre.cpp">
      <Filter>source</Filter>
    </ClCompile>
    <ClCompile Include="..\..\source\Param.cpp">
      <Filter>source</Filter>
    </ClCompile>
    <ClCompile Include="..\..\source\PoleFilter.cpp">
      <Filter>source</Filter>
    </ClCompile>
    <ClCompile Include="..\..\source\RBJ.cpp">
      <Filter>source</Filter>
    </ClCompile>
    <ClCompile Include="..\..\source\RootFinder.cpp">
      <Filter>source</Filter>
    </ClCompile>
    <ClCompile Include="..\..\source\State.cpp">
      <Filter>source</Filter>
    </ClCompile>
  </ItemGroup>
  <ItemGroup>
    <None Include="..\..\..\..\user\settings\VisualStudio2010\Shared.props">
      <Filter>_props %28shared project settings%29</Filter>
    </None>
    <None Include="..\..\..\..\user\settings\VisualStudio2010\SharedRelease.props">
      <Filter>_props %28shared project settings%29</Filter>
    </None>
    <None Include="..\..\..\..\user\settings\VisualStudio2010\SharedDebug.props">
      <Filter>_props %28shared project settings%29</Filter>
    </None>
    <None Include="..\..\..\DSPFiltersDemo\Builds\VisualStudio2010\DSPFiltersDemo.vcxproj" />
  </ItemGroup>
</Project>