// !$*UTF8*$!
{
	archiveVersion = 1;
	classes = {
	};
	objectVersion = 46;
	objects = {

/* Begin PBXBuildFile section */
		2ED75A9014F9DC8100224863 /* juce_audio_basics_amalgam.mm in Sources */ = {isa = PBXBuildFile; fileRef = 2ED75A8314F9DC8100224863 /* juce_audio_basics_amalgam.mm */; };
		2ED75A9114F9DC8100224863 /* juce_audio_basics_amalgam.mm in Sources */ = {isa = PBXBuildFile; fileRef = 2ED75A8314F9DC8100224863 /* juce_audio_basics_amalgam.mm */; };
		2ED75A9214F9DC8100224863 /* juce_audio_devices_amalgam.mm in Sources */ = {isa = PBXBuildFile; fileRef = 2ED75A8414F9DC8100224863 /* juce_audio_devices_amalgam.mm */; };
		2ED75A9314F9DC8100224863 /* juce_audio_devices_amalgam.mm in Sources */ = {isa = PBXBuildFile; fileRef = 2ED75A8414F9DC8100224863 /* juce_audio_devices_amalgam.mm */; };
		2ED75A9414F9DC8100224863 /* juce_audio_formats_amalgam.mm in Sources */ = {isa = PBXBuildFile; fileRef = 2ED75A8514F9DC8100224863 /* juce_audio_formats_amalgam.mm */; };
		2ED75A9514F9DC8100224863 /* juce_audio_formats_amalgam.mm in Sources */ = {isa = PBXBuildFile; fileRef = 2ED75A8514F9DC8100224863 /* juce_audio_formats_amalgam.mm */; };
		2ED75A9614F9DC8100224863 /* juce_audio_processors_amalgam.mm in Sources */ = {isa = PBXBuildFile; fileRef = 2ED75A8614F9DC8100224863 /* juce_audio_processors_amalgam.mm */; };
		2ED75A9714F9DC8100224863 /* juce_audio_processors_amalgam.mm in Sources */ = {isa = PBXBuildFile; fileRef = 2ED75A8614F9DC8100224863 /* juce_audio_processors_amalgam.mm */; };
		2ED75A9814F9DC8100224863 /* juce_audio_utils_amalgam.mm in Sources */ = {isa = PBXBuildFile; fileRef = 2ED75A8714F9DC8100224863 /* juce_audio_utils_amalgam.mm */; };
		2ED75A9914F9DC8100224863 /* juce_audio_utils_amalgam.mm in Sources */ = {isa = PBXBuildFile; fileRef = 2ED75A8714F9DC8100224863 /* juce_audio_utils_amalgam.mm */; };
		2ED75A9A14F9DC8100224863 /* juce_core_amalgam.mm in Sources */ = {isa = PBXBuildFile; fileRef = 2ED75A8814F9DC8100224863 /* juce_core_amalgam.mm */; };
		2ED75A9B14F9DC8100224863 /* juce_core_amalgam.mm in Sources */ = {isa = PBXBuildFile; fileRef = 2ED75A8814F9DC8100224863 /* juce_core_amalgam.mm */; };
		2ED75A9C14F9DC8100224863 /* juce_cryptography_amalgam.mm in Sources */ = {isa = PBXBuildFile; fileRef = 2ED75A8914F9DC8100224863 /* juce_cryptography_amalgam.mm */; };
		2ED75A9D14F9DC8100224863 /* juce_cryptography_amalgam.mm in Sources */ = {isa = PBXBuildFile; fileRef = 2ED75A8914F9DC8100224863 /* juce_cryptography_amalgam.mm */; };
		2ED75A9E14F9DC8100224863 /* juce_data_structures_amalgam.mm in Sources */ = {isa = PBXBuildFile; fileRef = 2ED75A8A14F9DC8100224863 /* juce_data_structures_amalgam.mm */; };
		2ED75A9F14F9DC8100224863 /* juce_data_structures_amalgam.mm in Sources */ = {isa = PBXBuildFile; fileRef = 2ED75A8A14F9DC8100224863 /* juce_data_structures_amalgam.mm */; };
		2ED75AA014F9DC8100224863 /* juce_events_amalgam.mm in Sources */ = {isa = PBXBuildFile; fileRef = 2ED75A8B14F9DC8100224863 /* juce_events_amalgam.mm */; };
		2ED75AA114F9DC8100224863 /* juce_events_amalgam.mm in Sources */ = {isa = PBXBuildFile; fileRef = 2ED75A8B14F9DC8100224863 /* juce_events_amalgam.mm */; };
		2ED75AA214F9DC8100224863 /* juce_graphics_amalgam.mm in Sources */ = {isa = PBXBuildFile; fileRef = 2ED75A8C14F9DC8100224863 /* juce_graphics_amalgam.mm */; };
		2ED75AA314F9DC8100224863 /* juce_graphics_amalgam.mm in Sources */ = {isa = PBXBuildFile; fileRef = 2ED75A8C14F9DC8100224863 /* juce_graphics_amalgam.mm */; };
		2ED75AA414F9DC8100224863 /* juce_gui_basics_amalgam.mm in Sources */ = {isa = PBXBuildFile; fileRef = 2ED75A8D14F9DC8100224863 /* juce_gui_basics_amalgam.mm */; };
		2ED75AA514F9DC8100224863 /* juce_gui_basics_amalgam.mm in Sources */ = {isa = PBXBuildFile; fileRef = 2ED75A8D14F9DC8100224863 /* juce_gui_basics_amalgam.mm */; };
		2ED75ABE14F9DDA300224863 /* juce_opengl_amalgam.mm in Sources */ = {isa = PBXBuildFile; fileRef = 2ED75ABA14F9DDA300224863 /* juce_opengl_amalgam.mm */; };
		2ED75ABF14F9DDA300224863 /* juce_opengl_amalgam.mm in Sources */ = {isa = PBXBuildFile; fileRef = 2ED75ABA14F9DDA300224863 /* juce_opengl_amalgam.mm */; };
		2ED75AC014F9DDA300224863 /* juce_video_amalgam.mm in Sources */ = {isa = PBXBuildFile; fileRef = 2ED75ABB14F9DDA300224863 /* juce_video_amalgam.mm */; };
		2ED75AC114F9DDA300224863 /* juce_video_amalgam.mm in Sources */ = {isa = PBXBuildFile; fileRef = 2ED75ABB14F9DDA300224863 /* juce_video_amalgam.mm */; };
/* End PBXBuildFile section */

/* Begin PBXFileReference section */
		2E8BDA19140DF20300D4A3AF /* RequiredFrameworks.txt */ = {isa = PBXFileReference; fileEncoding = 4; lastKnownFileType = text; path = RequiredFrameworks.txt; sourceTree = "<group>"; };
		2E8CA87113FE087400A86A48 /* libJuceAmalgamMac.a */ = {isa = PBXFileReference; explicitFileType = archive.ar; includeInIndex = 0; path = libJuceAmalgamMac.a; sourceTree = BUILT_PRODUCTS_DIR; };
		2EA085EB13FDADDB0051A437 /* JuceHeader.h */ = {isa = PBXFileReference; fileEncoding = 4; lastKnownFileType = sourcecode.c.h; name = JuceHeader.h; path = ../../JuceHeader.h; sourceTree = "<group>"; };
		2EA0869E13FDDCE40051A437 /* AppConfig.h */ = {isa = PBXFileReference; fileEncoding = 4; lastKnownFileType = sourcecode.c.h; name = AppConfig.h; path = ../../AppConfig.h; sourceTree = "<group>"; };
		2EAB695313FE29B00001C68F /* libJuceAmalgamiOS.a */ = {isa = PBXFileReference; explicitFileType = archive.ar; includeInIndex = 0; path = libJuceAmalgamiOS.a; sourceTree = BUILT_PRODUCTS_DIR; };
		2EB95D971401E41500C9AD72 /* JuceAmalgamator.sh */ = {isa = PBXFileReference; lastKnownFileType = text.script.sh; name = JuceAmalgamator.sh; path = ../../JuceAmalgamator.sh; sourceTree = "<group>"; };
		2ED75A8314F9DC8100224863 /* juce_audio_basics_amalgam.mm */ = {isa = PBXFileReference; fileEncoding = 4; lastKnownFileType = sourcecode.cpp.objcpp; name = juce_audio_basics_amalgam.mm; path = ../../juce_audio_basics_amalgam.mm; sourceTree = "<group>"; };
		2ED75A8414F9DC8100224863 /* juce_audio_devices_amalgam.mm */ = {isa = PBXFileReference; fileEncoding = 4; lastKnownFileType = sourcecode.cpp.objcpp; name = juce_audio_devices_amalgam.mm; path = ../../juce_audio_devices_amalgam.mm; sourceTree = "<group>"; };
		2ED75A8514F9DC8100224863 /* juce_audio_formats_amalgam.mm */ = {isa = PBXFileReference; fileEncoding = 4; lastKnownFileType = sourcecode.cpp.objcpp; name = juce_audio_formats_amalgam.mm; path = ../../juce_audio_formats_amalgam.mm; sourceTree = "<group>"; };
		2ED75A8614F9DC8100224863 /* juce_audio_processors_amalgam.mm */ = {isa = PBXFileReference; fileEncoding = 4; lastKnownFileType = sourcecode.cpp.objcpp; name = juce_audio_processors_amalgam.mm; path = ../../juce_audio_processors_amalgam.mm; sourceTree = "<group>"; };
		2ED75A8714F9DC8100224863 /* juce_audio_utils_amalgam.mm */ = {isa = PBXFileReference; fileEncoding = 4; lastKnownFileType = sourcecode.cpp.objcpp; name = juce_audio_utils_amalgam.mm; path = ../../juce_audio_utils_amalgam.mm; sourceTree = "<group>"; };
		2ED75A8814F9DC8100224863 /* juce_core_amalgam.mm */ = {isa = PBXFileReference; fileEncoding = 4; lastKnownFileType = sourcecode.cpp.objcpp; name = juce_core_amalgam.mm; path = ../../juce_core_amalgam.mm; sourceTree = "<group>"; };
		2ED75A8914F9DC8100224863 /* juce_cryptography_amalgam.mm */ = {isa = PBXFileReference; fileEncoding = 4; lastKnownFileType = sourcecode.cpp.objcpp; name = juce_cryptography_amalgam.mm; path = ../../juce_cryptography_amalgam.mm; sourceTree = "<group>"; };
		2ED75A8A14F9DC8100224863 /* juce_data_structures_amalgam.mm */ = {isa = PBXFileReference; fileEncoding = 4; lastKnownFileType = sourcecode.cpp.objcpp; name = juce_data_structures_amalgam.mm; path = ../../juce_data_structures_amalgam.mm; sourceTree = "<group>"; };
		2ED75A8B14F9DC8100224863 /* juce_events_amalgam.mm */ = {isa = PBXFileReference; fileEncoding = 4; lastKnownFileType = sourcecode.cpp.objcpp; name = juce_events_amalgam.mm; path = ../../juce_events_amalgam.mm; sourceTree = "<group>"; };
		2ED75A8C14F9DC8100224863 /* juce_graphics_amalgam.mm */ = {isa = PBXFileReference; fileEncoding = 4; lastKnownFileType = sourcecode.cpp.objcpp; name = juce_graphics_amalgam.mm; path = ../../juce_graphics_amalgam.mm; sourceTree = "<group>"; };
		2ED75A8D14F9DC8100224863 /* juce_gui_basics_amalgam.mm */ = {isa = PBXFileReference; fileEncoding = 4; lastKnownFileType = sourcecode.cpp.objcpp; name = juce_gui_basics_amalgam.mm; path = ../../juce_gui_basics_amalgam.mm; sourceTree = "<group>"; };
		2ED75ABA14F9DDA300224863 /* juce_opengl_amalgam.mm */ = {isa = PBXFileReference; fileEncoding = 4; lastKnownFileType = sourcecode.cpp.objcpp; name = juce_opengl_amalgam.mm; path = ../../juce_opengl_amalgam.mm; sourceTree = "<group>"; };
		2ED75ABB14F9DDA300224863 /* juce_video_amalgam.mm */ = {isa = PBXFileReference; fileEncoding = 4; lastKnownFileType = sourcecode.cpp.objcpp; name = juce_video_amalgam.mm; path = ../../juce_video_amalgam.mm; sourceTree = "<group>"; };
		2EF3B445140F4E10002CE947 /* Instructions.txt */ = {isa = PBXFileReference; lastKnownFileType = text; name = Instructions.txt; path = ../../../../user/settings/XCode4/Instructions.txt; sourceTree = SOURCE_ROOT; };
		2EF3B4BB140F6646002CE947 /* Instructions.txt */ = {isa = PBXFileReference; lastKnownFileType = text; name = Instructions.txt; path = ../../../../user/settings/XCode4/Instructions.txt; sourceTree = "<group>"; };
		2EF3B4BC140F6646002CE947 /* Shared.xcconfig */ = {isa = PBXFileReference; lastKnownFileType = text.xcconfig; name = Shared.xcconfig; path = ../../../../user/settings/XCode4/Shared.xcconfig; sourceTree = "<group>"; };
		2EF3B4BD140F6646002CE947 /* SharedDebug.xcconfig */ = {isa = PBXFileReference; lastKnownFileType = text.xcconfig; name = SharedDebug.xcconfig; path = ../../../../user/settings/XCode4/SharedDebug.xcconfig; sourceTree = "<group>"; };
		2EF3B4BE140F6646002CE947 /* SharediOS.xcconfig */ = {isa = PBXFileReference; lastKnownFileType = text.xcconfig; name = SharediOS.xcconfig; path = ../../../../user/settings/XCode4/SharediOS.xcconfig; sourceTree = "<group>"; };
		2EF3B4BF140F6646002CE947 /* SharedMacOS.xcconfig */ = {isa = PBXFileReference; lastKnownFileType = text.xcconfig; name = SharedMacOS.xcconfig; path = ../../../../user/settings/XCode4/SharedMacOS.xcconfig; sourceTree = "<group>"; };
		2EF3B4C0140F6646002CE947 /* SharedRelease.xcconfig */ = {isa = PBXFileReference; lastKnownFileType = text.xcconfig; name = SharedRelease.xcconfig; path = ../../../../user/settings/XCode4/SharedRelease.xcconfig; sourceTree = "<group>"; };
		2EF3B4C1140F6646002CE947 /* SharedReleaseApp.xcconfig */ = {isa = PBXFileReference; lastKnownFileType = text.xcconfig; name = SharedReleaseApp.xcconfig; path = ../../../../user/settings/XCode4/SharedReleaseApp.xcconfig; sourceTree = "<group>"; };
/* End PBXFileReference section */

/* Begin PBXFrameworksBuildPhase section */
		2E8CA86E13FE087400A86A48 /* Frameworks */ = {
			isa = PBXFrameworksBuildPhase;
			buildActionMask = 2147483647;
			files = (
			);
			runOnlyForDeploymentPostprocessing = 0;
		};
		2EAB695013FE29B00001C68F /* Frameworks */ = {
			isa = PBXFrameworksBuildPhase;
			buildActionMask = 2147483647;
			files = (
			);
			runOnlyForDeploymentPostprocessing = 0;
		};
/* End PBXFrameworksBuildPhase section */

/* Begin PBXGroup section */
		2E8CA87813FE091E00A86A48 /* Sources (for reference) */ = {
			isa = PBXGroup;
			children = (
			);
			name = "Sources (for reference)";
			sourceTree = "<group>";
		};
		2E8CDF8314015F50004F9664 /* Configuration (edit as needed) */ = {
			isa = PBXGroup;
			children = (
				2EA0869E13FDDCE40051A437 /* AppConfig.h */,
			);
			name = "Configuration (edit as needed)";
			sourceTree = "<group>";
		};
		2E8CDF8F14016087004F9664 /* Header (#include in your project) */ = {
			isa = PBXGroup;
			children = (
				2EA085EB13FDADDB0051A437 /* JuceHeader.h */,
			);
			name = "Header (#include in your project)";
			sourceTree = "<group>";
		};
		2EB95D951401E3ED00C9AD72 /* Script (instructions in the file) */ = {
			isa = PBXGroup;
			children = (
				2EB95D971401E41500C9AD72 /* JuceAmalgamator.sh */,
			);
			name = "Script (instructions in the file)";
			sourceTree = "<group>";
		};
		2ED29FAA13FCC0F900750A4E = {
			isa = PBXGroup;
			children = (
				2E8BDA19140DF20300D4A3AF /* RequiredFrameworks.txt */,
				2ED2A06613FCC3CF00750A4E /* Juce */,
				2E8CDF8F14016087004F9664 /* Header (#include in your project) */,
				2E8CDF8314015F50004F9664 /* Configuration (edit as needed) */,
				2EB95D951401E3ED00C9AD72 /* Script (instructions in the file) */,
				2EF3B445140F4E10002CE947 /* Instructions.txt */,
				2EF3B3FF140F4C57002CE947 /* xcconfigs (shared build settings) */,
				2ED29FB613FCC0FA00750A4E /* Products (link your binary with these) */,
			);
			sourceTree = "<group>";
		};
		2ED29FB613FCC0FA00750A4E /* Products (link your binary with these) */ = {
			isa = PBXGroup;
			children = (
				2E8CA87113FE087400A86A48 /* libJuceAmalgamMac.a */,
				2EAB695313FE29B00001C68F /* libJuceAmalgamiOS.a */,
			);
			name = "Products (link your binary with these)";
			sourceTree = "<group>";
		};
		2ED2A06613FCC3CF00750A4E /* Juce */ = {
			isa = PBXGroup;
			children = (
				2ED75A8314F9DC8100224863 /* juce_audio_basics_amalgam.mm */,
				2ED75ABA14F9DDA300224863 /* juce_opengl_amalgam.mm */,
				2ED75ABB14F9DDA300224863 /* juce_video_amalgam.mm */,
				2ED75A8414F9DC8100224863 /* juce_audio_devices_amalgam.mm */,
				2ED75A8514F9DC8100224863 /* juce_audio_formats_amalgam.mm */,
				2ED75A8614F9DC8100224863 /* juce_audio_processors_amalgam.mm */,
				2ED75A8714F9DC8100224863 /* juce_audio_utils_amalgam.mm */,
				2ED75A8814F9DC8100224863 /* juce_core_amalgam.mm */,
				2ED75A8914F9DC8100224863 /* juce_cryptography_amalgam.mm */,
				2ED75A8A14F9DC8100224863 /* juce_data_structures_amalgam.mm */,
				2ED75A8B14F9DC8100224863 /* juce_events_amalgam.mm */,
				2ED75A8C14F9DC8100224863 /* juce_graphics_amalgam.mm */,
				2ED75A8D14F9DC8100224863 /* juce_gui_basics_amalgam.mm */,
				2E8CA87813FE091E00A86A48 /* Sources (for reference) */,
			);
			name = Juce;
			sourceTree = "<group>";
		};
		2EF3B3FF140F4C57002CE947 /* xcconfigs (shared build settings) */ = {
			isa = PBXGroup;
			children = (
				2EF3B4BB140F6646002CE947 /* Instructions.txt */,
				2EF3B4BC140F6646002CE947 /* Shared.xcconfig */,
				2EF3B4BD140F6646002CE947 /* SharedDebug.xcconfig */,
				2EF3B4BE140F6646002CE947 /* SharediOS.xcconfig */,
				2EF3B4BF140F6646002CE947 /* SharedMacOS.xcconfig */,
				2EF3B4C0140F6646002CE947 /* SharedRelease.xcconfig */,
				2EF3B4C1140F6646002CE947 /* SharedReleaseApp.xcconfig */,
			);
			name = "xcconfigs (shared build settings)";
			path = ../../../Builds/XCode4/xcconfigs;
			sourceTree = SOURCE_ROOT;
		};
/* End PBXGroup section */

/* Begin PBXHeadersBuildPhase section */
		2E8CA86F13FE087400A86A48 /* Headers */ = {
			isa = PBXHeadersBuildPhase;
			buildActionMask = 2147483647;
			files = (
			);
			runOnlyForDeploymentPostprocessing = 0;
		};
		2EAB695113FE29B00001C68F /* Headers */ = {
			isa = PBXHeadersBuildPhase;
			buildActionMask = 2147483647;
			files = (
			);
			runOnlyForDeploymentPostprocessing = 0;
		};
/* End PBXHeadersBuildPhase section */

/* Begin PBXNativeTarget section */
		2E8CA87013FE087400A86A48 /* Juce Amalgam Mac */ = {
			isa = PBXNativeTarget;
			buildConfigurationList = 2E8CA87213FE087400A86A48 /* Build configuration list for PBXNativeTarget "Juce Amalgam Mac" */;
			buildPhases = (
				2E8CA86D13FE087400A86A48 /* Sources */,
				2E8CA86E13FE087400A86A48 /* Frameworks */,
				2E8CA86F13FE087400A86A48 /* Headers */,
			);
			buildRules = (
			);
			dependencies = (
			);
			name = "Juce Amalgam Mac";
			productName = Juce;
			productReference = 2E8CA87113FE087400A86A48 /* libJuceAmalgamMac.a */;
			productType = "com.apple.product-type.library.static";
		};
		2EAB695213FE29B00001C68F /* Juce Amalgam iOS */ = {
			isa = PBXNativeTarget;
			buildConfigurationList = 2EAB695D13FE29B00001C68F /* Build configuration list for PBXNativeTarget "Juce Amalgam iOS" */;
			buildPhases = (
				2EAB694F13FE29B00001C68F /* Sources */,
				2EAB695013FE29B00001C68F /* Frameworks */,
				2EAB695113FE29B00001C68F /* Headers */,
			);
			buildRules = (
			);
			dependencies = (
			);
			name = "Juce Amalgam iOS";
			productName = "Juce iOS";
			productReference = 2EAB695313FE29B00001C68F /* libJuceAmalgamiOS.a */;
			productType = "com.apple.product-type.library.static";
		};
/* End PBXNativeTarget section */

/* Begin PBXProject section */
		2ED29FAC13FCC0F900750A4E /* Project object */ = {
			isa = PBXProject;
			attributes = {
				LastUpgradeCheck = 0410;
				ORGANIZATIONNAME = "One Guy Group, Inc.";
			};
			buildConfigurationList = 2ED29FAF13FCC0F900750A4E /* Build configuration list for PBXProject "JuceAmalgam" */;
			compatibilityVersion = "Xcode 3.2";
			developmentRegion = English;
			hasScannedForEncodings = 0;
			knownRegions = (
				en,
			);
			mainGroup = 2ED29FAA13FCC0F900750A4E;
			productRefGroup = 2ED29FB613FCC0FA00750A4E /* Products (link your binary with these) */;
			projectDirPath = "";
			projectRoot = "";
			targets = (
				2E8CA87013FE087400A86A48 /* Juce Amalgam Mac */,
				2EAB695213FE29B00001C68F /* Juce Amalgam iOS */,
			);
		};
/* End PBXProject section */

/* Begin PBXSourcesBuildPhase section */
		2E8CA86D13FE087400A86A48 /* Sources */ = {
			isa = PBXSourcesBuildPhase;
			buildActionMask = 2147483647;
			files = (
				2ED75A9014F9DC8100224863 /* juce_audio_basics_amalgam.mm in Sources */,
				2ED75A9214F9DC8100224863 /* juce_audio_devices_amalgam.mm in Sources */,
				2ED75A9414F9DC8100224863 /* juce_audio_formats_amalgam.mm in Sources */,
				2ED75A9614F9DC8100224863 /* juce_audio_processors_amalgam.mm in Sources */,
				2ED75A9814F9DC8100224863 /* juce_audio_utils_amalgam.mm in Sources */,
				2ED75A9A14F9DC8100224863 /* juce_core_amalgam.mm in Sources */,
				2ED75A9C14F9DC8100224863 /* juce_cryptography_amalgam.mm in Sources */,
				2ED75A9E14F9DC8100224863 /* juce_data_structures_amalgam.mm in Sources */,
				2ED75AA014F9DC8100224863 /* juce_events_amalgam.mm in Sources */,
				2ED75AA214F9DC8100224863 /* juce_graphics_amalgam.mm in Sources */,
				2ED75AA414F9DC8100224863 /* juce_gui_basics_amalgam.mm in Sources */,
				2ED75ABE14F9DDA300224863 /* juce_opengl_amalgam.mm in Sources */,
				2ED75AC014F9DDA300224863 /* juce_video_amalgam.mm in Sources */,
			);
			runOnlyForDeploymentPostprocessing = 0;
		};
		2EAB694F13FE29B00001C68F /* Sources */ = {
			isa = PBXSourcesBuildPhase;
			buildActionMask = 2147483647;
			files = (
				2ED75A9114F9DC8100224863 /* juce_audio_basics_amalgam.mm in Sources */,
				2ED75A9314F9DC8100224863 /* juce_audio_devices_amalgam.mm in Sources */,
				2ED75A9514F9DC8100224863 /* juce_audio_formats_amalgam.mm in Sources */,
				2ED75A9714F9DC8100224863 /* juce_audio_processors_amalgam.mm in Sources */,
				2ED75A9914F9DC8100224863 /* juce_audio_utils_amalgam.mm in Sources */,
				2ED75A9B14F9DC8100224863 /* juce_core_amalgam.mm in Sources */,
				2ED75A9D14F9DC8100224863 /* juce_cryptography_amalgam.mm in Sources */,
				2ED75A9F14F9DC8100224863 /* juce_data_structures_amalgam.mm in Sources */,
				2ED75AA114F9DC8100224863 /* juce_events_amalgam.mm in Sources */,
				2ED75AA314F9DC8100224863 /* juce_graphics_amalgam.mm in Sources */,
				2ED75AA514F9DC8100224863 /* juce_gui_basics_amalgam.mm in Sources */,
				2ED75ABF14F9DDA300224863 /* juce_opengl_amalgam.mm in Sources */,
				2ED75AC114F9DDA300224863 /* juce_video_amalgam.mm in Sources */,
			);
			runOnlyForDeploymentPostprocessing = 0;
		};
/* End PBXSourcesBuildPhase section */

/* Begin XCBuildConfiguration section */
		2E8CA87313FE087400A86A48 /* Debug */ = {
			isa = XCBuildConfiguration;
			baseConfigurationReference = 2EF3B4BF140F6646002CE947 /* SharedMacOS.xcconfig */;
			buildSettings = {
				PRODUCT_NAME = JuceAmalgamMac;
			};
			name = Debug;
		};
		2E8CA87413FE087400A86A48 /* Release */ = {
			isa = XCBuildConfiguration;
			baseConfigurationReference = 2EF3B4BF140F6646002CE947 /* SharedMacOS.xcconfig */;
			buildSettings = {
				PRODUCT_NAME = JuceAmalgamMac;
			};
			name = Release;
		};
		2EAB695E13FE29B00001C68F /* Debug */ = {
			isa = XCBuildConfiguration;
			baseConfigurationReference = 2EF3B4BE140F6646002CE947 /* SharediOS.xcconfig */;
			buildSettings = {
				PRODUCT_NAME = JuceAmalgamiOS;
				SDKROOT = iphoneos4.3;
			};
			name = Debug;
		};
		2EAB695F13FE29B00001C68F /* Release */ = {
			isa = XCBuildConfiguration;
			baseConfigurationReference = 2EF3B4BE140F6646002CE947 /* SharediOS.xcconfig */;
			buildSettings = {
				PRODUCT_NAME = JuceAmalgamiOS;
				SDKROOT = iphoneos4.3;
			};
			name = Release;
		};
		2ED29FD113FCC0FA00750A4E /* Debug */ = {
			isa = XCBuildConfiguration;
			baseConfigurationReference = 2EF3B4BD140F6646002CE947 /* SharedDebug.xcconfig */;
			buildSettings = {
				GCC_PREPROCESSOR_DEFINITIONS = (
					"DEBUG=1",
					"_DEBUG=1",
					"JUCE_ObjCExtraSuffix=",
					"JUCE_UNIT_TESTS=1",
					"$(inherited)",
				);
			};
			name = Debug;
		};
		2ED29FD213FCC0FA00750A4E /* Release */ = {
			isa = XCBuildConfiguration;
			baseConfigurationReference = 2EF3B4C0140F6646002CE947 /* SharedRelease.xcconfig */;
			buildSettings = {
				GCC_PREPROCESSOR_DEFINITIONS = (
					"NDEBUG=1",
					"_NDEBUG=1",
					"JUCE_ObjCExtraSuffix=",
					"$(inherited)",
				);
			};
			name = Release;
		};
/* End XCBuildConfiguration section */

/* Begin XCConfigurationList section */
		2E8CA87213FE087400A86A48 /* Build configuration list for PBXNativeTarget "Juce Amalgam Mac" */ = {
			isa = XCConfigurationList;
			buildConfigurations = (
				2E8CA87313FE087400A86A48 /* Debug */,
				2E8CA87413FE087400A86A48 /* Release */,
			);
			defaultConfigurationIsVisible = 0;
			defaultConfigurationName = Debug;
		};
		2EAB695D13FE29B00001C68F /* Build configuration list for PBXNativeTarget "Juce Amalgam iOS" */ = {
			isa = XCConfigurationList;
			buildConfigurations = (
				2EAB695E13FE29B00001C68F /* Debug */,
				2EAB695F13FE29B00001C68F /* Release */,
			);
			defaultConfigurationIsVisible = 0;
			defaultConfigurationName = Debug;
		};
		2ED29FAF13FCC0F900750A4E /* Build configuration list for PBXProject "JuceAmalgam" */ = {
			isa = XCConfigurationList;
			buildConfigurations = (
				2ED29FD113FCC0FA00750A4E /* Debug */,
				2ED29FD213FCC0FA00750A4E /* Release */,
			);
			defaultConfigurationIsVisible = 0;
			defaultConfigurationName = Debug;
		};
/* End XCConfigurationList section */
	};
	rootObject = 2ED29FAC13FCC0F900750A4E /* Project object */;
}
