// !$*UTF8*$!
{
	archiveVersion = 1;
	classes = {
	};
	objectVersion = 46;
	objects = {

/* Begin PBXBuildFile section */
		2E60CAD113FF63650088FA2C /* Mac.icns in Resources */ = {isa = PBXBuildFile; fileRef = 2E60CAD013FF63650088FA2C /* Mac.icns */; };
		2E71C273140071AD00643CF1 /* Icon-72.png in Resources */ = {isa = PBXBuildFile; fileRef = 2E71C26C140071AD00643CF1 /* Icon-72.png */; };
		2E71C274140071AD00643CF1 /* Icon-Small-50.png in Resources */ = {isa = PBXBuildFile; fileRef = 2E71C26D140071AD00643CF1 /* Icon-Small-50.png */; };
		2E71C275140071AD00643CF1 /* Icon-Small.png in Resources */ = {isa = PBXBuildFile; fileRef = 2E71C26E140071AD00643CF1 /* Icon-Small.png */; };
		2E71C276140071AD00643CF1 /* Icon-Small@2x.png in Resources */ = {isa = PBXBuildFile; fileRef = 2E71C26F140071AD00643CF1 /* Icon-Small@2x.png */; };
		2E71C277140071AD00643CF1 /* Icon.png in Resources */ = {isa = PBXBuildFile; fileRef = 2E71C270140071AD00643CF1 /* Icon.png */; };
		2E71C278140071AD00643CF1 /* Icon@2x.png in Resources */ = {isa = PBXBuildFile; fileRef = 2E71C271140071AD00643CF1 /* Icon@2x.png */; };
		2E71C279140071AD00643CF1 /* iTunesArtwork.png in Resources */ = {isa = PBXBuildFile; fileRef = 2E71C272140071AD00643CF1 /* iTunesArtwork.png */; };
		2E8BDA02140DF0AE00D4A3AF /* AudioToolbox.framework in Frameworks */ = {isa = PBXBuildFile; fileRef = 2E8BDA00140DF0A400D4A3AF /* AudioToolbox.framework */; };
		2E8BDA03140DF0AE00D4A3AF /* Cocoa.framework in Frameworks */ = {isa = PBXBuildFile; fileRef = 2E8BD9FE140DF09E00D4A3AF /* Cocoa.framework */; };
		2E8BDA04140DF0AE00D4A3AF /* CoreAudio.framework in Frameworks */ = {isa = PBXBuildFile; fileRef = 2E8BD9FC140DF09900D4A3AF /* CoreAudio.framework */; };
		2E8BDA05140DF0AE00D4A3AF /* CoreMIDI.framework in Frameworks */ = {isa = PBXBuildFile; fileRef = 2E8BD9FA140DF09200D4A3AF /* CoreMIDI.framework */; };
		2E8BDA06140DF0AE00D4A3AF /* QuartzCore.framework in Frameworks */ = {isa = PBXBuildFile; fileRef = 2E8BD9F8140DF08A00D4A3AF /* QuartzCore.framework */; };
		2E8BDA08140DF18700D4A3AF /* UIKit.framework in Frameworks */ = {isa = PBXBuildFile; fileRef = 2E8BDA07140DF18700D4A3AF /* UIKit.framework */; };
		2E8BDA0A140DF18B00D4A3AF /* QuartzCore.framework in Frameworks */ = {isa = PBXBuildFile; fileRef = 2E8BDA09140DF18B00D4A3AF /* QuartzCore.framework */; };
		2E8BDA0C140DF19000D4A3AF /* OpenGLES.framework in Frameworks */ = {isa = PBXBuildFile; fileRef = 2E8BDA0B140DF19000D4A3AF /* OpenGLES.framework */; };
		2E8BDA0E140DF19500D4A3AF /* Foundation.framework in Frameworks */ = {isa = PBXBuildFile; fileRef = 2E8BDA0D140DF19500D4A3AF /* Foundation.framework */; };
		2E8BDA10140DF19A00D4A3AF /* CoreText.framework in Frameworks */ = {isa = PBXBuildFile; fileRef = 2E8BDA0F140DF19A00D4A3AF /* CoreText.framework */; };
		2E8BDA12140DF1A000D4A3AF /* CoreMIDI.framework in Frameworks */ = {isa = PBXBuildFile; fileRef = 2E8BDA11140DF1A000D4A3AF /* CoreMIDI.framework */; };
		2E8BDA14140DF1A500D4A3AF /* CoreGraphics.framework in Frameworks */ = {isa = PBXBuildFile; fileRef = 2E8BDA13140DF1A500D4A3AF /* CoreGraphics.framework */; };
		2E8BDA16140DF1AA00D4A3AF /* CoreAudio.framework in Frameworks */ = {isa = PBXBuildFile; fileRef = 2E8BDA15140DF1AA00D4A3AF /* CoreAudio.framework */; };
		2E8BDA18140DF1B100D4A3AF /* AudioToolbox.framework in Frameworks */ = {isa = PBXBuildFile; fileRef = 2E8BDA17140DF1B100D4A3AF /* AudioToolbox.framework */; };
		2EA085BE13FDADB10051A437 /* AudioOutput.cpp in Sources */ = {isa = PBXBuildFile; fileRef = 2EA0858D13FDADB10051A437 /* AudioOutput.cpp */; };
		2EA085BF13FDADB10051A437 /* AudioOutput.cpp in Sources */ = {isa = PBXBuildFile; fileRef = 2EA0858D13FDADB10051A437 /* AudioOutput.cpp */; };
		2EA085C013FDADB10051A437 /* binaries.cpp in Sources */ = {isa = PBXBuildFile; fileRef = 2EA0858F13FDADB10051A437 /* binaries.cpp */; };
		2EA085C113FDADB10051A437 /* binaries.cpp in Sources */ = {isa = PBXBuildFile; fileRef = 2EA0858F13FDADB10051A437 /* binaries.cpp */; };
		2EA085C213FDADB10051A437 /* BrickWallChart.cpp in Sources */ = {isa = PBXBuildFile; fileRef = 2EA0859213FDADB10051A437 /* BrickWallChart.cpp */; };
		2EA085C313FDADB10051A437 /* BrickWallChart.cpp in Sources */ = {isa = PBXBuildFile; fileRef = 2EA0859213FDADB10051A437 /* BrickWallChart.cpp */; };
		2EA085C413FDADB10051A437 /* CpuMeter.cpp in Sources */ = {isa = PBXBuildFile; fileRef = 2EA0859613FDADB10051A437 /* CpuMeter.cpp */; };
		2EA085C513FDADB10051A437 /* CpuMeter.cpp in Sources */ = {isa = PBXBuildFile; fileRef = 2EA0859613FDADB10051A437 /* CpuMeter.cpp */; };
		2EA085C613FDADB10051A437 /* FilterChart.cpp in Sources */ = {isa = PBXBuildFile; fileRef = 2EA0859913FDADB10051A437 /* FilterChart.cpp */; };
		2EA085C713FDADB10051A437 /* FilterChart.cpp in Sources */ = {isa = PBXBuildFile; fileRef = 2EA0859913FDADB10051A437 /* FilterChart.cpp */; };
		2EA085C813FDADB10051A437 /* FilterControls.cpp in Sources */ = {isa = PBXBuildFile; fileRef = 2EA0859B13FDADB10051A437 /* FilterControls.cpp */; };
		2EA085C913FDADB10051A437 /* FilterControls.cpp in Sources */ = {isa = PBXBuildFile; fileRef = 2EA0859B13FDADB10051A437 /* FilterControls.cpp */; };
		2EA085CA13FDADB10051A437 /* FilteringAudioSource.cpp in Sources */ = {isa = PBXBuildFile; fileRef = 2EA0859D13FDADB10051A437 /* FilteringAudioSource.cpp */; };
		2EA085CB13FDADB10051A437 /* FilteringAudioSource.cpp in Sources */ = {isa = PBXBuildFile; fileRef = 2EA0859D13FDADB10051A437 /* FilteringAudioSource.cpp */; };
		2EA085CC13FDADB10051A437 /* GainChart.cpp in Sources */ = {isa = PBXBuildFile; fileRef = 2EA085A013FDADB10051A437 /* GainChart.cpp */; };
		2EA085CD13FDADB10051A437 /* GainChart.cpp in Sources */ = {isa = PBXBuildFile; fileRef = 2EA085A013FDADB10051A437 /* GainChart.cpp */; };
		2EA085CE13FDADB10051A437 /* GroupDelayChart.cpp in Sources */ = {isa = PBXBuildFile; fileRef = 2EA085A213FDADB10051A437 /* GroupDelayChart.cpp */; };
		2EA085CF13FDADB10051A437 /* GroupDelayChart.cpp in Sources */ = {isa = PBXBuildFile; fileRef = 2EA085A213FDADB10051A437 /* GroupDelayChart.cpp */; };
		2EA085D013FDADB10051A437 /* MainApp.cpp in Sources */ = {isa = PBXBuildFile; fileRef = 2EA085A413FDADB10051A437 /* MainApp.cpp */; };
		2EA085D113FDADB10051A437 /* MainApp.cpp in Sources */ = {isa = PBXBuildFile; fileRef = 2EA085A413FDADB10051A437 /* MainApp.cpp */; };
		2EA085D213FDADB10051A437 /* MainPanel.cpp in Sources */ = {isa = PBXBuildFile; fileRef = 2EA085A613FDADB10051A437 /* MainPanel.cpp */; };
		2EA085D313FDADB10051A437 /* MainPanel.cpp in Sources */ = {isa = PBXBuildFile; fileRef = 2EA085A613FDADB10051A437 /* MainPanel.cpp */; };
		2EA085D413FDADB10051A437 /* MainWindow.cpp in Sources */ = {isa = PBXBuildFile; fileRef = 2EA085A813FDADB10051A437 /* MainWindow.cpp */; };
		2EA085D513FDADB10051A437 /* MainWindow.cpp in Sources */ = {isa = PBXBuildFile; fileRef = 2EA085A813FDADB10051A437 /* MainWindow.cpp */; };
		2EA085D613FDADB10051A437 /* NoiseAudioSource.cpp in Sources */ = {isa = PBXBuildFile; fileRef = 2EA085AA13FDADB10051A437 /* NoiseAudioSource.cpp */; };
		2EA085D713FDADB10051A437 /* NoiseAudioSource.cpp in Sources */ = {isa = PBXBuildFile; fileRef = 2EA085AA13FDADB10051A437 /* NoiseAudioSource.cpp */; };
		2EA085D813FDADB10051A437 /* PhaseChart.cpp in Sources */ = {isa = PBXBuildFile; fileRef = 2EA085AC13FDADB10051A437 /* PhaseChart.cpp */; };
		2EA085D913FDADB10051A437 /* PhaseChart.cpp in Sources */ = {isa = PBXBuildFile; fileRef = 2EA085AC13FDADB10051A437 /* PhaseChart.cpp */; };
		2EA085DA13FDADB10051A437 /* PoleZeroChart.cpp in Sources */ = {isa = PBXBuildFile; fileRef = 2EA085AE13FDADB10051A437 /* PoleZeroChart.cpp */; };
		2EA085DB13FDADB10051A437 /* PoleZeroChart.cpp in Sources */ = {isa = PBXBuildFile; fileRef = 2EA085AE13FDADB10051A437 /* PoleZeroChart.cpp */; };
		2EA085DC13FDADB10051A437 /* ResamplingReader.cpp in Sources */ = {isa = PBXBuildFile; fileRef = 2EA085B013FDADB10051A437 /* ResamplingReader.cpp */; };
		2EA085DD13FDADB10051A437 /* ResamplingReader.cpp in Sources */ = {isa = PBXBuildFile; fileRef = 2EA085B013FDADB10051A437 /* ResamplingReader.cpp */; };
		2EA085DE13FDADB10051A437 /* ResizableLayout.cpp in Sources */ = {isa = PBXBuildFile; fileRef = 2EA085B213FDADB10051A437 /* ResizableLayout.cpp */; };
		2EA085DF13FDADB10051A437 /* ResizableLayout.cpp in Sources */ = {isa = PBXBuildFile; fileRef = 2EA085B213FDADB10051A437 /* ResizableLayout.cpp */; };
		2EA085E013FDADB10051A437 /* SettingsPanel.cpp in Sources */ = {isa = PBXBuildFile; fileRef = 2EA085B413FDADB10051A437 /* SettingsPanel.cpp */; };
		2EA085E113FDADB10051A437 /* SettingsPanel.cpp in Sources */ = {isa = PBXBuildFile; fileRef = 2EA085B413FDADB10051A437 /* SettingsPanel.cpp */; };
		2EA085E213FDADB10051A437 /* SettingsWindow.cpp in Sources */ = {isa = PBXBuildFile; fileRef = 2EA085B613FDADB10051A437 /* SettingsWindow.cpp */; };
		2EA085E313FDADB10051A437 /* SettingsWindow.cpp in Sources */ = {isa = PBXBuildFile; fileRef = 2EA085B613FDADB10051A437 /* SettingsWindow.cpp */; };
		2EA085E413FDADB10051A437 /* SliderGroup.cpp in Sources */ = {isa = PBXBuildFile; fileRef = 2EA085B813FDADB10051A437 /* SliderGroup.cpp */; };
		2EA085E513FDADB10051A437 /* SliderGroup.cpp in Sources */ = {isa = PBXBuildFile; fileRef = 2EA085B813FDADB10051A437 /* SliderGroup.cpp */; };
		2EA085E613FDADB10051A437 /* StepResponseChart.cpp in Sources */ = {isa = PBXBuildFile; fileRef = 2EA085BA13FDADB10051A437 /* StepResponseChart.cpp */; };
		2EA085E713FDADB10051A437 /* StepResponseChart.cpp in Sources */ = {isa = PBXBuildFile; fileRef = 2EA085BA13FDADB10051A437 /* StepResponseChart.cpp */; };
		2EA085E813FDADB10051A437 /* ThreadQueue.cpp in Sources */ = {isa = PBXBuildFile; fileRef = 2EA085BC13FDADB10051A437 /* ThreadQueue.cpp */; };
		2EA085E913FDADB10051A437 /* ThreadQueue.cpp in Sources */ = {isa = PBXBuildFile; fileRef = 2EA085BC13FDADB10051A437 /* ThreadQueue.cpp */; };
		2EAEC4C3140F6956003F36FE /* libDSPFiltersiOS.a in Frameworks */ = {isa = PBXBuildFile; fileRef = 2EF3B4B9140F65BF002CE947 /* libDSPFiltersiOS.a */; };
		2EAEC4C4140F6959003F36FE /* libJuceAmalgamiOS.a in Frameworks */ = {isa = PBXBuildFile; fileRef = 2EF3B4AA140F65A1002CE947 /* libJuceAmalgamiOS.a */; };
		2EAEC4C5140F695D003F36FE /* libDSPFiltersMacOS.a in Frameworks */ = {isa = PBXBuildFile; fileRef = 2EF3B4B7140F65BF002CE947 /* libDSPFiltersMacOS.a */; };
		2EAEC4C7140F6973003F36FE /* libJuceAmalgamMac.a in Frameworks */ = {isa = PBXBuildFile; fileRef = 2EF3B4A8140F65A1002CE947 /* libJuceAmalgamMac.a */; };
/* End PBXBuildFile section */

/* Begin PBXContainerItemProxy section */
		2EAEC4BB140F6949003F36FE /* PBXContainerItemProxy */ = {
			isa = PBXContainerItemProxy;
			containerPortal = 2EF3B4AE140F65BE002CE947 /* DSPFilters.xcodeproj */;
			proxyType = 1;
			remoteGlobalIDString = 2E7DB502140DFBDF009FE107;
			remoteInfo = DSPFiltersMacOS;
		};
		2EAEC4BD140F694B003F36FE /* PBXContainerItemProxy */ = {
			isa = PBXContainerItemProxy;
			containerPortal = 2EF3B49F140F65A1002CE947 /* JuceAmalgam.xcodeproj */;
			proxyType = 1;
			remoteGlobalIDString = 2E8CA87013FE087400A86A48;
			remoteInfo = "Juce Amalgam Mac";
		};
		2EAEC4BF140F694F003F36FE /* PBXContainerItemProxy */ = {
			isa = PBXContainerItemProxy;
			containerPortal = 2EF3B4AE140F65BE002CE947 /* DSPFilters.xcodeproj */;
			proxyType = 1;
			remoteGlobalIDString = 2E7DB525140DFC22009FE107;
			remoteInfo = DSPFiltersiOS;
		};
		2EAEC4C1140F6952003F36FE /* PBXContainerItemProxy */ = {
			isa = PBXContainerItemProxy;
			containerPortal = 2EF3B49F140F65A1002CE947 /* JuceAmalgam.xcodeproj */;
			proxyType = 1;
			remoteGlobalIDString = 2EAB695213FE29B00001C68F;
			remoteInfo = "Juce Amalgam iOS";
		};
		2EF3B4A7140F65A1002CE947 /* PBXContainerItemProxy */ = {
			isa = PBXContainerItemProxy;
			containerPortal = 2EF3B49F140F65A1002CE947 /* JuceAmalgam.xcodeproj */;
			proxyType = 2;
			remoteGlobalIDString = 2E8CA87113FE087400A86A48;
			remoteInfo = "Juce Amalgam Mac";
		};
		2EF3B4A9140F65A1002CE947 /* PBXContainerItemProxy */ = {
			isa = PBXContainerItemProxy;
			containerPortal = 2EF3B49F140F65A1002CE947 /* JuceAmalgam.xcodeproj */;
			proxyType = 2;
			remoteGlobalIDString = 2EAB695313FE29B00001C68F;
			remoteInfo = "Juce Amalgam iOS";
		};
		2EF3B4B6140F65BF002CE947 /* PBXContainerItemProxy */ = {
			isa = PBXContainerItemProxy;
			containerPortal = 2EF3B4AE140F65BE002CE947 /* DSPFilters.xcodeproj */;
			proxyType = 2;
			remoteGlobalIDString = 2E7DB503140DFBDF009FE107;
			remoteInfo = DSPFiltersMacOS;
		};
		2EF3B4B8140F65BF002CE947 /* PBXContainerItemProxy */ = {
			isa = PBXContainerItemProxy;
			containerPortal = 2EF3B4AE140F65BE002CE947 /* DSPFilters.xcodeproj */;
			proxyType = 2;
			remoteGlobalIDString = 2E7DB526140DFC22009FE107;
			remoteInfo = DSPFiltersiOS;
		};
/* End PBXContainerItemProxy section */

/* Begin PBXFileReference section */
		2E60CAD013FF63650088FA2C /* Mac.icns */ = {isa = PBXFileReference; lastKnownFileType = image.icns; path = Mac.icns; sourceTree = SOURCE_ROOT; };
		2E71C26C140071AD00643CF1 /* Icon-72.png */ = {isa = PBXFileReference; lastKnownFileType = image.png; name = "Icon-72.png"; path = "iOS Icons/Icon-72.png"; sourceTree = SOURCE_ROOT; };
		2E71C26D140071AD00643CF1 /* Icon-Small-50.png */ = {isa = PBXFileReference; lastKnownFileType = image.png; name = "Icon-Small-50.png"; path = "iOS Icons/Icon-Small-50.png"; sourceTree = SOURCE_ROOT; };
		2E71C26E140071AD00643CF1 /* Icon-Small.png */ = {isa = PBXFileReference; lastKnownFileType = image.png; name = "Icon-Small.png"; path = "iOS Icons/Icon-Small.png"; sourceTree = SOURCE_ROOT; };
		2E71C26F140071AD00643CF1 /* Icon-Small@2x.png */ = {isa = PBXFileReference; lastKnownFileType = image.png; name = "Icon-Small@2x.png"; path = "iOS Icons/Icon-Small@2x.png"; sourceTree = SOURCE_ROOT; };
		2E71C270140071AD00643CF1 /* Icon.png */ = {isa = PBXFileReference; lastKnownFileType = image.png; name = Icon.png; path = "iOS Icons/Icon.png"; sourceTree = SOURCE_ROOT; };
		2E71C271140071AD00643CF1 /* Icon@2x.png */ = {isa = PBXFileReference; lastKnownFileType = image.png; name = "Icon@2x.png"; path = "iOS Icons/Icon@2x.png"; sourceTree = SOURCE_ROOT; };
		2E71C272140071AD00643CF1 /* iTunesArtwork.png */ = {isa = PBXFileReference; lastKnownFileType = image.png; name = iTunesArtwork.png; path = "iOS Icons/iTunesArtwork.png"; sourceTree = SOURCE_ROOT; };
		2E8BD9E6140DF02F00D4A3AF /* WebKit.framework */ = {isa = PBXFileReference; lastKnownFileType = wrapper.framework; name = WebKit.framework; path = System/Library/Frameworks/WebKit.framework; sourceTree = SDKROOT; };
		2E8BD9E8140DF03600D4A3AF /* QuickTime.framework */ = {isa = PBXFileReference; lastKnownFileType = wrapper.framework; name = QuickTime.framework; path = System/Library/Frameworks/QuickTime.framework; sourceTree = SDKROOT; };
		2E8BD9EA140DF03C00D4A3AF /* OpenGL.framework */ = {isa = PBXFileReference; lastKnownFileType = wrapper.framework; name = OpenGL.framework; path = System/Library/Frameworks/OpenGL.framework; sourceTree = SDKROOT; };
		2E8BD9EC140DF04200D4A3AF /* IOKit.framework */ = {isa = PBXFileReference; lastKnownFileType = wrapper.framework; name = IOKit.framework; path = System/Library/Frameworks/IOKit.framework; sourceTree = SDKROOT; };
		2E8BD9EE140DF04800D4A3AF /* DiscRecording.framework */ = {isa = PBXFileReference; lastKnownFileType = wrapper.framework; name = DiscRecording.framework; path = System/Library/Frameworks/DiscRecording.framework; sourceTree = SDKROOT; };
		2E8BD9F0140DF04F00D4A3AF /* Carbon.framework */ = {isa = PBXFileReference; lastKnownFileType = wrapper.framework; name = Carbon.framework; path = System/Library/Frameworks/Carbon.framework; sourceTree = SDKROOT; };
		2E8BD9F8140DF08A00D4A3AF /* QuartzCore.framework */ = {isa = PBXFileReference; lastKnownFileType = wrapper.framework; name = QuartzCore.framework; path = System/Library/Frameworks/QuartzCore.framework; sourceTree = SDKROOT; };
		2E8BD9FA140DF09200D4A3AF /* CoreMIDI.framework */ = {isa = PBXFileReference; lastKnownFileType = wrapper.framework; name = CoreMIDI.framework; path = System/Library/Frameworks/CoreMIDI.framework; sourceTree = SDKROOT; };
		2E8BD9FC140DF09900D4A3AF /* CoreAudio.framework */ = {isa = PBXFileReference; lastKnownFileType = wrapper.framework; name = CoreAudio.framework; path = System/Library/Frameworks/CoreAudio.framework; sourceTree = SDKROOT; };
		2E8BD9FE140DF09E00D4A3AF /* Cocoa.framework */ = {isa = PBXFileReference; lastKnownFileType = wrapper.framework; name = Cocoa.framework; path = System/Library/Frameworks/Cocoa.framework; sourceTree = SDKROOT; };
		2E8BDA00140DF0A400D4A3AF /* AudioToolbox.framework */ = {isa = PBXFileReference; lastKnownFileType = wrapper.framework; name = AudioToolbox.framework; path = System/Library/Frameworks/AudioToolbox.framework; sourceTree = SDKROOT; };
		2E8BDA07140DF18700D4A3AF /* UIKit.framework */ = {isa = PBXFileReference; lastKnownFileType = wrapper.framework; name = UIKit.framework; path = ../../Platforms/iPhoneOS.platform/Developer/SDKs/iPhoneOS4.3.sdk/System/Library/Frameworks/UIKit.framework; sourceTree = SDKROOT; };
		2E8BDA09140DF18B00D4A3AF /* QuartzCore.framework */ = {isa = PBXFileReference; lastKnownFileType = wrapper.framework; name = QuartzCore.framework; path = ../../Platforms/iPhoneOS.platform/Developer/SDKs/iPhoneOS4.3.sdk/System/Library/Frameworks/QuartzCore.framework; sourceTree = SDKROOT; };
		2E8BDA0B140DF19000D4A3AF /* OpenGLES.framework */ = {isa = PBXFileReference; lastKnownFileType = wrapper.framework; name = OpenGLES.framework; path = ../../Platforms/iPhoneOS.platform/Developer/SDKs/iPhoneOS4.3.sdk/System/Library/Frameworks/OpenGLES.framework; sourceTree = SDKROOT; };
		2E8BDA0D140DF19500D4A3AF /* Foundation.framework */ = {isa = PBXFileReference; lastKnownFileType = wrapper.framework; name = Foundation.framework; path = ../../Platforms/iPhoneOS.platform/Developer/SDKs/iPhoneOS4.3.sdk/System/Library/Frameworks/Foundation.framework; sourceTree = SDKROOT; };
		2E8BDA0F140DF19A00D4A3AF /* CoreText.framework */ = {isa = PBXFileReference; lastKnownFileType = wrapper.framework; name = CoreText.framework; path = ../../Platforms/iPhoneOS.platform/Developer/SDKs/iPhoneOS4.3.sdk/System/Library/Frameworks/CoreText.framework; sourceTree = SDKROOT; };
		2E8BDA11140DF1A000D4A3AF /* CoreMIDI.framework */ = {isa = PBXFileReference; lastKnownFileType = wrapper.framework; name = CoreMIDI.framework; path = ../../Platforms/iPhoneOS.platform/Developer/SDKs/iPhoneOS4.3.sdk/System/Library/Frameworks/CoreMIDI.framework; sourceTree = SDKROOT; };
		2E8BDA13140DF1A500D4A3AF /* CoreGraphics.framework */ = {isa = PBXFileReference; lastKnownFileType = wrapper.framework; name = CoreGraphics.framework; path = ../../Platforms/iPhoneOS.platform/Developer/SDKs/iPhoneOS4.3.sdk/System/Library/Frameworks/CoreGraphics.framework; sourceTree = SDKROOT; };
		2E8BDA15140DF1AA00D4A3AF /* CoreAudio.framework */ = {isa = PBXFileReference; lastKnownFileType = wrapper.framework; name = CoreAudio.framework; path = ../../Platforms/iPhoneOS.platform/Developer/SDKs/iPhoneOS4.3.sdk/System/Library/Frameworks/CoreAudio.framework; sourceTree = SDKROOT; };
		2E8BDA17140DF1B100D4A3AF /* AudioToolbox.framework */ = {isa = PBXFileReference; lastKnownFileType = wrapper.framework; name = AudioToolbox.framework; path = ../../Platforms/iPhoneOS.platform/Developer/SDKs/iPhoneOS4.3.sdk/System/Library/Frameworks/AudioToolbox.framework; sourceTree = SDKROOT; };
		2EA0858D13FDADB10051A437 /* AudioOutput.cpp */ = {isa = PBXFileReference; fileEncoding = 4; lastKnownFileType = sourcecode.cpp.cpp; name = AudioOutput.cpp; path = ../../source/AudioOutput.cpp; sourceTree = "<group>"; };
		2EA0858E13FDADB10051A437 /* AudioOutput.h */ = {isa = PBXFileReference; fileEncoding = 4; lastKnownFileType = sourcecode.c.h; name = AudioOutput.h; path = ../../source/AudioOutput.h; sourceTree = "<group>"; };
		2EA0858F13FDADB10051A437 /* binaries.cpp */ = {isa = PBXFileReference; fileEncoding = 4; lastKnownFileType = sourcecode.cpp.cpp; name = binaries.cpp; path = ../../source/binaries.cpp; sourceTree = "<group>"; };
		2EA0859013FDADB10051A437 /* binaries.h */ = {isa = PBXFileReference; fileEncoding = 4; lastKnownFileType = sourcecode.c.h; name = binaries.h; path = ../../source/binaries.h; sourceTree = "<group>"; };
		2EA0859113FDADB10051A437 /* bond.h */ = {isa = PBXFileReference; fileEncoding = 4; lastKnownFileType = sourcecode.c.h; name = bond.h; path = ../../source/bond.h; sourceTree = "<group>"; };
		2EA0859213FDADB10051A437 /* BrickWallChart.cpp */ = {isa = PBXFileReference; fileEncoding = 4; lastKnownFileType = sourcecode.cpp.cpp; name = BrickWallChart.cpp; path = ../../source/BrickWallChart.cpp; sourceTree = "<group>"; };
		2EA0859313FDADB10051A437 /* BrickWallChart.h */ = {isa = PBXFileReference; fileEncoding = 4; lastKnownFileType = sourcecode.c.h; name = BrickWallChart.h; path = ../../source/BrickWallChart.h; sourceTree = "<group>"; };
		2EA0859413FDADB10051A437 /* Common.h */ = {isa = PBXFileReference; fileEncoding = 4; lastKnownFileType = sourcecode.c.h; name = Common.h; path = ../../source/Common.h; sourceTree = "<group>"; };
		2EA0859513FDADB10051A437 /* ContentComponentConstrainer.h */ = {isa = PBXFileReference; fileEncoding = 4; lastKnownFileType = sourcecode.c.h; name = ContentComponentConstrainer.h; path = ../../source/ContentComponentConstrainer.h; sourceTree = "<group>"; };
		2EA0859613FDADB10051A437 /* CpuMeter.cpp */ = {isa = PBXFileReference; fileEncoding = 4; lastKnownFileType = sourcecode.cpp.cpp; name = CpuMeter.cpp; path = ../../source/CpuMeter.cpp; sourceTree = "<group>"; };
		2EA0859713FDADB10051A437 /* CpuMeter.h */ = {isa = PBXFileReference; fileEncoding = 4; lastKnownFileType = sourcecode.c.h; name = CpuMeter.h; path = ../../source/CpuMeter.h; sourceTree = "<group>"; };
		2EA0859813FDADB10051A437 /* CustomSlider.h */ = {isa = PBXFileReference; fileEncoding = 4; lastKnownFileType = sourcecode.c.h; name = CustomSlider.h; path = ../../source/CustomSlider.h; sourceTree = "<group>"; };
		2EA0859913FDADB10051A437 /* FilterChart.cpp */ = {isa = PBXFileReference; fileEncoding = 4; lastKnownFileType = sourcecode.cpp.cpp; name = FilterChart.cpp; path = ../../source/FilterChart.cpp; sourceTree = "<group>"; };
		2EA0859A13FDADB10051A437 /* FilterChart.h */ = {isa = PBXFileReference; fileEncoding = 4; lastKnownFileType = sourcecode.c.h; name = FilterChart.h; path = ../../source/FilterChart.h; sourceTree = "<group>"; };
		2EA0859B13FDADB10051A437 /* FilterControls.cpp */ = {isa = PBXFileReference; fileEncoding = 4; lastKnownFileType = sourcecode.cpp.cpp; name = FilterControls.cpp; path = ../../source/FilterControls.cpp; sourceTree = "<group>"; };
		2EA0859C13FDADB10051A437 /* FilterControls.h */ = {isa = PBXFileReference; fileEncoding = 4; lastKnownFileType = sourcecode.c.h; name = FilterControls.h; path = ../../source/FilterControls.h; sourceTree = "<group>"; };
		2EA0859D13FDADB10051A437 /* FilteringAudioSource.cpp */ = {isa = PBXFileReference; fileEncoding = 4; lastKnownFileType = sourcecode.cpp.cpp; name = FilteringAudioSource.cpp; path = ../../source/FilteringAudioSource.cpp; sourceTree = "<group>"; };
		2EA0859E13FDADB10051A437 /* FilteringAudioSource.h */ = {isa = PBXFileReference; fileEncoding = 4; lastKnownFileType = sourcecode.c.h; name = FilteringAudioSource.h; path = ../../source/FilteringAudioSource.h; sourceTree = "<group>"; };
		2EA0859F13FDADB10051A437 /* FilterListener.h */ = {isa = PBXFileReference; fileEncoding = 4; lastKnownFileType = sourcecode.c.h; name = FilterListener.h; path = ../../source/FilterListener.h; sourceTree = "<group>"; };
		2EA085A013FDADB10051A437 /* GainChart.cpp */ = {isa = PBXFileReference; fileEncoding = 4; lastKnownFileType = sourcecode.cpp.cpp; name = GainChart.cpp; path = ../../source/GainChart.cpp; sourceTree = "<group>"; };
		2EA085A113FDADB10051A437 /* GainChart.h */ = {isa = PBXFileReference; fileEncoding = 4; lastKnownFileType = sourcecode.c.h; name = GainChart.h; path = ../../source/GainChart.h; sourceTree = "<group>"; };
		2EA085A213FDADB10051A437 /* GroupDelayChart.cpp */ = {isa = PBXFileReference; fileEncoding = 4; lastKnownFileType = sourcecode.cpp.cpp; name = GroupDelayChart.cpp; path = ../../source/GroupDelayChart.cpp; sourceTree = "<group>"; };
		2EA085A313FDADB10051A437 /* GroupDelayChart.h */ = {isa = PBXFileReference; fileEncoding = 4; lastKnownFileType = sourcecode.c.h; name = GroupDelayChart.h; path = ../../source/GroupDelayChart.h; sourceTree = "<group>"; };
		2EA085A413FDADB10051A437 /* MainApp.cpp */ = {isa = PBXFileReference; fileEncoding = 4; lastKnownFileType = sourcecode.cpp.cpp; name = MainApp.cpp; path = ../../source/MainApp.cpp; sourceTree = "<group>"; };
		2EA085A513FDADB10051A437 /* MainApp.h */ = {isa = PBXFileReference; fileEncoding = 4; lastKnownFileType = sourcecode.c.h; name = MainApp.h; path = ../../source/MainApp.h; sourceTree = "<group>"; };
		2EA085A613FDADB10051A437 /* MainPanel.cpp */ = {isa = PBXFileReference; fileEncoding = 4; lastKnownFileType = sourcecode.cpp.cpp; name = MainPanel.cpp; path = ../../source/MainPanel.cpp; sourceTree = "<group>"; };
		2EA085A713FDADB10051A437 /* MainPanel.h */ = {isa = PBXFileReference; fileEncoding = 4; lastKnownFileType = sourcecode.c.h; name = MainPanel.h; path = ../../source/MainPanel.h; sourceTree = "<group>"; };
		2EA085A813FDADB10051A437 /* MainWindow.cpp */ = {isa = PBXFileReference; fileEncoding = 4; lastKnownFileType = sourcecode.cpp.cpp; name = MainWindow.cpp; path = ../../source/MainWindow.cpp; sourceTree = "<group>"; };
		2EA085A913FDADB10051A437 /* MainWindow.h */ = {isa = PBXFileReference; fileEncoding = 4; lastKnownFileType = sourcecode.c.h; name = MainWindow.h; path = ../../source/MainWindow.h; sourceTree = "<group>"; };
		2EA085AA13FDADB10051A437 /* NoiseAudioSource.cpp */ = {isa = PBXFileReference; fileEncoding = 4; lastKnownFileType = sourcecode.cpp.cpp; name = NoiseAudioSource.cpp; path = ../../source/NoiseAudioSource.cpp; sourceTree = "<group>"; };
		2EA085AB13FDADB10051A437 /* NoiseAudioSource.h */ = {isa = PBXFileReference; fileEncoding = 4; lastKnownFileType = sourcecode.c.h; name = NoiseAudioSource.h; path = ../../source/NoiseAudioSource.h; sourceTree = "<group>"; };
		2EA085AC13FDADB10051A437 /* PhaseChart.cpp */ = {isa = PBXFileReference; fileEncoding = 4; lastKnownFileType = sourcecode.cpp.cpp; name = PhaseChart.cpp; path = ../../source/PhaseChart.cpp; sourceTree = "<group>"; };
		2EA085AD13FDADB10051A437 /* PhaseChart.h */ = {isa = PBXFileReference; fileEncoding = 4; lastKnownFileType = sourcecode.c.h; name = PhaseChart.h; path = ../../source/PhaseChart.h; sourceTree = "<group>"; };
		2EA085AE13FDADB10051A437 /* PoleZeroChart.cpp */ = {isa = PBXFileReference; fileEncoding = 4; lastKnownFileType = sourcecode.cpp.cpp; name = PoleZeroChart.cpp; path = ../../source/PoleZeroChart.cpp; sourceTree = "<group>"; };
		2EA085AF13FDADB10051A437 /* PoleZeroChart.h */ = {isa = PBXFileReference; fileEncoding = 4; lastKnownFileType = sourcecode.c.h; name = PoleZeroChart.h; path = ../../source/PoleZeroChart.h; sourceTree = "<group>"; };
		2EA085B013FDADB10051A437 /* ResamplingReader.cpp */ = {isa = PBXFileReference; fileEncoding = 4; lastKnownFileType = sourcecode.cpp.cpp; name = ResamplingReader.cpp; path = ../../source/ResamplingReader.cpp; sourceTree = "<group>"; };
		2EA085B113FDADB10051A437 /* ResamplingReader.h */ = {isa = PBXFileReference; fileEncoding = 4; lastKnownFileType = sourcecode.c.h; name = ResamplingReader.h; path = ../../source/ResamplingReader.h; sourceTree = "<group>"; };
		2EA085B213FDADB10051A437 /* ResizableLayout.cpp */ = {isa = PBXFileReference; fileEncoding = 4; lastKnownFileType = sourcecode.cpp.cpp; name = ResizableLayout.cpp; path = ../../source/ResizableLayout.cpp; sourceTree = "<group>"; };
		2EA085B313FDADB10051A437 /* ResizableLayout.h */ = {isa = PBXFileReference; fileEncoding = 4; lastKnownFileType = sourcecode.c.h; name = ResizableLayout.h; path = ../../source/ResizableLayout.h; sourceTree = "<group>"; };
		2EA085B413FDADB10051A437 /* SettingsPanel.cpp */ = {isa = PBXFileReference; fileEncoding = 4; lastKnownFileType = sourcecode.cpp.cpp; name = SettingsPanel.cpp; path = ../../source/SettingsPanel.cpp; sourceTree = "<group>"; };
		2EA085B513FDADB10051A437 /* SettingsPanel.h */ = {isa = PBXFileReference; fileEncoding = 4; lastKnownFileType = sourcecode.c.h; name = SettingsPanel.h; path = ../../source/SettingsPanel.h; sourceTree = "<group>"; };
		2EA085B613FDADB10051A437 /* SettingsWindow.cpp */ = {isa = PBXFileReference; fileEncoding = 4; lastKnownFileType = sourcecode.cpp.cpp; name = SettingsWindow.cpp; path = ../../source/SettingsWindow.cpp; sourceTree = "<group>"; };
		2EA085B713FDADB10051A437 /* SettingsWindow.h */ = {isa = PBXFileReference; fileEncoding = 4; lastKnownFileType = sourcecode.c.h; name = SettingsWindow.h; path = ../../source/SettingsWindow.h; sourceTree = "<group>"; };
		2EA085B813FDADB10051A437 /* SliderGroup.cpp */ = {isa = PBXFileReference; fileEncoding = 4; lastKnownFileType = sourcecode.cpp.cpp; name = SliderGroup.cpp; path = ../../source/SliderGroup.cpp; sourceTree = "<group>"; };
		2EA085B913FDADB10051A437 /* SliderGroup.h */ = {isa = PBXFileReference; fileEncoding = 4; lastKnownFileType = sourcecode.c.h; name = SliderGroup.h; path = ../../source/SliderGroup.h; sourceTree = "<group>"; };
		2EA085BA13FDADB10051A437 /* StepResponseChart.cpp */ = {isa = PBXFileReference; fileEncoding = 4; lastKnownFileType = sourcecode.cpp.cpp; name = StepResponseChart.cpp; path = ../../source/StepResponseChart.cpp; sourceTree = "<group>"; };
		2EA085BB13FDADB10051A437 /* StepResponseChart.h */ = {isa = PBXFileReference; fileEncoding = 4; lastKnownFileType = sourcecode.c.h; name = StepResponseChart.h; path = ../../source/StepResponseChart.h; sourceTree = "<group>"; };
		2EA085BC13FDADB10051A437 /* ThreadQueue.cpp */ = {isa = PBXFileReference; fileEncoding = 4; lastKnownFileType = sourcecode.cpp.cpp; name = ThreadQueue.cpp; path = ../../source/ThreadQueue.cpp; sourceTree = "<group>"; };
		2EA085BD13FDADB10051A437 /* ThreadQueue.h */ = {isa = PBXFileReference; fileEncoding = 4; lastKnownFileType = sourcecode.c.h; name = ThreadQueue.h; path = ../../source/ThreadQueue.h; sourceTree = "<group>"; };
		2EA256B713FF048C00285FA2 /* iOSInfo.plist */ = {isa = PBXFileReference; fileEncoding = 4; lastKnownFileType = text.plist.xml; path = iOSInfo.plist; sourceTree = SOURCE_ROOT; };
		2EA256B913FF049400285FA2 /* MacInfo.plist */ = {isa = PBXFileReference; fileEncoding = 4; lastKnownFileType = text.plist.xml; path = MacInfo.plist; sourceTree = SOURCE_ROOT; };
		2ED29FB513FCC0FA00750A4E /* DSP Filters.app */ = {isa = PBXFileReference; explicitFileType = wrapper.application; includeInIndex = 0; path = "DSP Filters.app"; sourceTree = BUILT_PRODUCTS_DIR; };
		2ED2A08613FCD1FC00750A4E /* DSP Filters.app */ = {isa = PBXFileReference; explicitFileType = wrapper.application; includeInIndex = 0; path = "DSP Filters.app"; sourceTree = BUILT_PRODUCTS_DIR; };
		2EF3B47D140F5095002CE947 /* Shared.xcconfig */ = {isa = PBXFileReference; lastKnownFileType = text.xcconfig; name = Shared.xcconfig; path = ../../../../user/settings/XCode4/Shared.xcconfig; sourceTree = SOURCE_ROOT; };
		2EF3B47E140F5095002CE947 /* SharedDebug.xcconfig */ = {isa = PBXFileReference; lastKnownFileType = text.xcconfig; name = SharedDebug.xcconfig; path = ../../../../user/settings/XCode4/SharedDebug.xcconfig; sourceTree = SOURCE_ROOT; };
		2EF3B47F140F5095002CE947 /* SharediOS.xcconfig */ = {isa = PBXFileReference; lastKnownFileType = text.xcconfig; name = SharediOS.xcconfig; path = ../../../../user/settings/XCode4/SharediOS.xcconfig; sourceTree = SOURCE_ROOT; };
		2EF3B480140F5095002CE947 /* SharedMacOS.xcconfig */ = {isa = PBXFileReference; lastKnownFileType = text.xcconfig; name = SharedMacOS.xcconfig; path = ../../../../user/settings/XCode4/SharedMacOS.xcconfig; sourceTree = SOURCE_ROOT; };
		2EF3B481140F5095002CE947 /* SharedRelease.xcconfig */ = {isa = PBXFileReference; lastKnownFileType = text.xcconfig; name = SharedRelease.xcconfig; path = ../../../../user/settings/XCode4/SharedRelease.xcconfig; sourceTree = SOURCE_ROOT; };
		2EF3B482140F5095002CE947 /* SharedReleaseApp.xcconfig */ = {isa = PBXFileReference; lastKnownFileType = text.xcconfig; name = SharedReleaseApp.xcconfig; path = ../../../../user/settings/XCode4/SharedReleaseApp.xcconfig; sourceTree = SOURCE_ROOT; };
		2EF3B49F140F65A1002CE947 /* JuceAmalgam.xcodeproj */ = {isa = PBXFileReference; lastKnownFileType = "wrapper.pb-project"; name = JuceAmalgam.xcodeproj; path = ../../../JuceAmalgam/Builds/XCode4/JuceAmalgam.xcodeproj; sourceTree = "<group>"; };
		2EF3B4AE140F65BE002CE947 /* DSPFilters.xcodeproj */ = {isa = PBXFileReference; lastKnownFileType = "wrapper.pb-project"; name = DSPFilters.xcodeproj; path = ../../../DSPFilters/Builds/XCode4/DSPFilters.xcodeproj; sourceTree = "<group>"; };
/* End PBXFileReference section */

/* Begin PBXFrameworksBuildPhase section */
		2ED29FB213FCC0FA00750A4E /* Frameworks */ = {
			isa = PBXFrameworksBuildPhase;
			buildActionMask = 2147483647;
			files = (
				2EAEC4C5140F695D003F36FE /* libDSPFiltersMacOS.a in Frameworks */,
				2EAEC4C7140F6973003F36FE /* libJuceAmalgamMac.a in Frameworks */,
				2E8BDA02140DF0AE00D4A3AF /* AudioToolbox.framework in Frameworks */,
				2E8BDA03140DF0AE00D4A3AF /* Cocoa.framework in Frameworks */,
				2E8BDA04140DF0AE00D4A3AF /* CoreAudio.framework in Frameworks */,
				2E8BDA05140DF0AE00D4A3AF /* CoreMIDI.framework in Frameworks */,
				2E8BDA06140DF0AE00D4A3AF /* QuartzCore.framework in Frameworks */,
			);
			runOnlyForDeploymentPostprocessing = 0;
		};
		2ED2A08313FCD1FC00750A4E /* Frameworks */ = {
			isa = PBXFrameworksBuildPhase;
			buildActionMask = 2147483647;
			files = (
				2EAEC4C3140F6956003F36FE /* libDSPFiltersiOS.a in Frameworks */,
				2EAEC4C4140F6959003F36FE /* libJuceAmalgamiOS.a in Frameworks */,
				2E8BDA18140DF1B100D4A3AF /* AudioToolbox.framework in Frameworks */,
				2E8BDA16140DF1AA00D4A3AF /* CoreAudio.framework in Frameworks */,
				2E8BDA14140DF1A500D4A3AF /* CoreGraphics.framework in Frameworks */,
				2E8BDA12140DF1A000D4A3AF /* CoreMIDI.framework in Frameworks */,
				2E8BDA10140DF19A00D4A3AF /* CoreText.framework in Frameworks */,
				2E8BDA0E140DF19500D4A3AF /* Foundation.framework in Frameworks */,
				2E8BDA0C140DF19000D4A3AF /* OpenGLES.framework in Frameworks */,
				2E8BDA0A140DF18B00D4A3AF /* QuartzCore.framework in Frameworks */,
				2E8BDA08140DF18700D4A3AF /* UIKit.framework in Frameworks */,
			);
			runOnlyForDeploymentPostprocessing = 0;
		};
/* End PBXFrameworksBuildPhase section */

/* Begin PBXGroup section */
		2E4C101B140DE20A0050ABF8 /* MacOS */ = {
			isa = PBXGroup;
			children = (
				2EA256B913FF049400285FA2 /* MacInfo.plist */,
				2E60CAD013FF63650088FA2C /* Mac.icns */,
				2E8BDA00140DF0A400D4A3AF /* AudioToolbox.framework */,
				2E8BD9FE140DF09E00D4A3AF /* Cocoa.framework */,
				2E8BD9FC140DF09900D4A3AF /* CoreAudio.framework */,
				2E8BD9FA140DF09200D4A3AF /* CoreMIDI.framework */,
				2E8BD9F8140DF08A00D4A3AF /* QuartzCore.framework */,
				2E4C1077140DE4290050ABF8 /* Unused Frameworks */,
			);
			name = MacOS;
			path = ../../Juce/Builds/XCode4;
			sourceTree = "<group>";
		};
		2E4C1077140DE4290050ABF8 /* Unused Frameworks */ = {
			isa = PBXGroup;
			children = (
				2E8BD9F0140DF04F00D4A3AF /* Carbon.framework */,
				2E8BD9EE140DF04800D4A3AF /* DiscRecording.framework */,
				2E8BD9EC140DF04200D4A3AF /* IOKit.framework */,
				2E8BD9EA140DF03C00D4A3AF /* OpenGL.framework */,
				2E8BD9E8140DF03600D4A3AF /* QuickTime.framework */,
				2E8BD9E6140DF02F00D4A3AF /* WebKit.framework */,
			);
			name = "Unused Frameworks";
			sourceTree = "<group>";
		};
		2E60CAD413FF68CB0088FA2C /* Icons */ = {
			isa = PBXGroup;
			children = (
				2E71C26C140071AD00643CF1 /* Icon-72.png */,
				2E71C26D140071AD00643CF1 /* Icon-Small-50.png */,
				2E71C26E140071AD00643CF1 /* Icon-Small.png */,
				2E71C26F140071AD00643CF1 /* Icon-Small@2x.png */,
				2E71C270140071AD00643CF1 /* Icon.png */,
				2E71C271140071AD00643CF1 /* Icon@2x.png */,
				2E71C272140071AD00643CF1 /* iTunesArtwork.png */,
			);
			name = Icons;
			sourceTree = "<group>";
		};
		2EA084AD13FCDE920051A437 /* iOS */ = {
			isa = PBXGroup;
			children = (
				2EA256B713FF048C00285FA2 /* iOSInfo.plist */,
				2E60CAD413FF68CB0088FA2C /* Icons */,
				2E8BDA17140DF1B100D4A3AF /* AudioToolbox.framework */,
				2E8BDA15140DF1AA00D4A3AF /* CoreAudio.framework */,
				2E8BDA13140DF1A500D4A3AF /* CoreGraphics.framework */,
				2E8BDA11140DF1A000D4A3AF /* CoreMIDI.framework */,
				2E8BDA0F140DF19A00D4A3AF /* CoreText.framework */,
				2E8BDA0D140DF19500D4A3AF /* Foundation.framework */,
				2E8BDA0B140DF19000D4A3AF /* OpenGLES.framework */,
				2E8BDA09140DF18B00D4A3AF /* QuartzCore.framework */,
				2E8BDA07140DF18700D4A3AF /* UIKit.framework */,
			);
			name = iOS;
			sourceTree = "<group>";
		};
		2ED29FAA13FCC0F900750A4E = {
			isa = PBXGroup;
			children = (
				2ED29FDC13FCC27400750A4E /* source */,
				2E4C101B140DE20A0050ABF8 /* MacOS */,
				2EA084AD13FCDE920051A437 /* iOS */,
				2ED29FB613FCC0FA00750A4E /* Products */,
				2EF3B47C140F5095002CE947 /* xcconfigs (shared build settings) */,
				2EF3B4AE140F65BE002CE947 /* DSPFilters.xcodeproj */,
				2EF3B49F140F65A1002CE947 /* JuceAmalgam.xcodeproj */,
			);
			sourceTree = "<group>";
		};
		2ED29FB613FCC0FA00750A4E /* Products */ = {
			isa = PBXGroup;
			children = (
				2ED29FB513FCC0FA00750A4E /* DSP Filters.app */,
				2ED2A08613FCD1FC00750A4E /* DSP Filters.app */,
			);
			name = Products;
			sourceTree = "<group>";
		};
		2ED29FDC13FCC27400750A4E /* source */ = {
			isa = PBXGroup;
			children = (
				2EA0858D13FDADB10051A437 /* AudioOutput.cpp */,
				2EA0858E13FDADB10051A437 /* AudioOutput.h */,
				2EA0858F13FDADB10051A437 /* binaries.cpp */,
				2EA0859013FDADB10051A437 /* binaries.h */,
				2EA0859113FDADB10051A437 /* bond.h */,
				2EA0859213FDADB10051A437 /* BrickWallChart.cpp */,
				2EA0859313FDADB10051A437 /* BrickWallChart.h */,
				2EA0859413FDADB10051A437 /* Common.h */,
				2EA0859513FDADB10051A437 /* ContentComponentConstrainer.h */,
				2EA0859613FDADB10051A437 /* CpuMeter.cpp */,
				2EA0859713FDADB10051A437 /* CpuMeter.h */,
				2EA0859813FDADB10051A437 /* CustomSlider.h */,
				2EA0859913FDADB10051A437 /* FilterChart.cpp */,
				2EA0859A13FDADB10051A437 /* FilterChart.h */,
				2EA0859B13FDADB10051A437 /* FilterControls.cpp */,
				2EA0859C13FDADB10051A437 /* FilterControls.h */,
				2EA0859D13FDADB10051A437 /* FilteringAudioSource.cpp */,
				2EA0859E13FDADB10051A437 /* FilteringAudioSource.h */,
				2EA0859F13FDADB10051A437 /* FilterListener.h */,
				2EA085A013FDADB10051A437 /* GainChart.cpp */,
				2EA085A113FDADB10051A437 /* GainChart.h */,
				2EA085A213FDADB10051A437 /* GroupDelayChart.cpp */,
				2EA085A313FDADB10051A437 /* GroupDelayChart.h */,
				2EA085A413FDADB10051A437 /* MainApp.cpp */,
				2EA085A513FDADB10051A437 /* MainApp.h */,
				2EA085A613FDADB10051A437 /* MainPanel.cpp */,
				2EA085A713FDADB10051A437 /* MainPanel.h */,
				2EA085A813FDADB10051A437 /* MainWindow.cpp */,
				2EA085A913FDADB10051A437 /* MainWindow.h */,
				2EA085AA13FDADB10051A437 /* NoiseAudioSource.cpp */,
				2EA085AB13FDADB10051A437 /* NoiseAudioSource.h */,
				2EA085AC13FDADB10051A437 /* PhaseChart.cpp */,
				2EA085AD13FDADB10051A437 /* PhaseChart.h */,
				2EA085AE13FDADB10051A437 /* PoleZeroChart.cpp */,
				2EA085AF13FDADB10051A437 /* PoleZeroChart.h */,
				2EA085B013FDADB10051A437 /* ResamplingReader.cpp */,
				2EA085B113FDADB10051A437 /* ResamplingReader.h */,
				2EA085B213FDADB10051A437 /* ResizableLayout.cpp */,
				2EA085B313FDADB10051A437 /* ResizableLayout.h */,
				2EA085B413FDADB10051A437 /* SettingsPanel.cpp */,
				2EA085B513FDADB10051A437 /* SettingsPanel.h */,
				2EA085B613FDADB10051A437 /* SettingsWindow.cpp */,
				2EA085B713FDADB10051A437 /* SettingsWindow.h */,
				2EA085B813FDADB10051A437 /* SliderGroup.cpp */,
				2EA085B913FDADB10051A437 /* SliderGroup.h */,
				2EA085BA13FDADB10051A437 /* StepResponseChart.cpp */,
				2EA085BB13FDADB10051A437 /* StepResponseChart.h */,
				2EA085BC13FDADB10051A437 /* ThreadQueue.cpp */,
				2EA085BD13FDADB10051A437 /* ThreadQueue.h */,
			);
			name = source;
			sourceTree = "<group>";
		};
		2EF3B47C140F5095002CE947 /* xcconfigs (shared build settings) */ = {
			isa = PBXGroup;
			children = (
				2EF3B47D140F5095002CE947 /* Shared.xcconfig */,
				2EF3B47E140F5095002CE947 /* SharedDebug.xcconfig */,
				2EF3B47F140F5095002CE947 /* SharediOS.xcconfig */,
				2EF3B480140F5095002CE947 /* SharedMacOS.xcconfig */,
				2EF3B481140F5095002CE947 /* SharedRelease.xcconfig */,
				2EF3B482140F5095002CE947 /* SharedReleaseApp.xcconfig */,
			);
			name = "xcconfigs (shared build settings)";
			path = ../../../Builds/XCode4/xcconfigs;
			sourceTree = SOURCE_ROOT;
		};
		2EF3B4A0140F65A1002CE947 /* Products */ = {
			isa = PBXGroup;
			children = (
				2EF3B4A8140F65A1002CE947 /* libJuceAmalgamMac.a */,
				2EF3B4AA140F65A1002CE947 /* libJuceAmalgamiOS.a */,
			);
			name = Products;
			sourceTree = "<group>";
		};
		2EF3B4AF140F65BE002CE947 /* Products */ = {
			isa = PBXGroup;
			children = (
				2EF3B4B7140F65BF002CE947 /* libDSPFiltersMacOS.a */,
				2EF3B4B9140F65BF002CE947 /* libDSPFiltersiOS.a */,
			);
			name = Products;
			sourceTree = "<group>";
		};
/* End PBXGroup section */

/* Begin PBXNativeTarget section */
		2ED29FB413FCC0FA00750A4E /* DSP Filters Demo Mac */ = {
			isa = PBXNativeTarget;
			buildConfigurationList = 2ED29FD313FCC0FA00750A4E /* Build configuration list for PBXNativeTarget "DSP Filters Demo Mac" */;
			buildPhases = (
				2ED29FB113FCC0FA00750A4E /* Sources */,
				2ED29FB213FCC0FA00750A4E /* Frameworks */,
				2ED29FB313FCC0FA00750A4E /* Resources */,
			);
			buildRules = (
			);
			dependencies = (
				2EAEC4BE140F694B003F36FE /* PBXTargetDependency */,
				2EAEC4BC140F6949003F36FE /* PBXTargetDependency */,
			);
			name = "DSP Filters Demo Mac";
			productName = "DspFilters Demo";
			productReference = 2ED29FB513FCC0FA00750A4E /* DSP Filters.app */;
			productType = "com.apple.product-type.application";
		};
		2ED2A08513FCD1FC00750A4E /* DSP Filters Demo iOS */ = {
			isa = PBXNativeTarget;
			buildConfigurationList = 2ED2A0A813FCD1FC00750A4E /* Build configuration list for PBXNativeTarget "DSP Filters Demo iOS" */;
			buildPhases = (
				2ED2A08213FCD1FC00750A4E /* Sources */,
				2ED2A08313FCD1FC00750A4E /* Frameworks */,
				2ED2A08413FCD1FC00750A4E /* Resources */,
			);
			buildRules = (
			);
			dependencies = (
				2EAEC4C2140F6952003F36FE /* PBXTargetDependency */,
				2EAEC4C0140F694F003F36FE /* PBXTargetDependency */,
			);
			name = "DSP Filters Demo iOS";
			productName = "DspFilters Demo iOS";
			productReference = 2ED2A08613FCD1FC00750A4E /* DSP Filters.app */;
			productType = "com.apple.product-type.application";
		};
/* End PBXNativeTarget section */

/* Begin PBXProject section */
		2ED29FAC13FCC0F900750A4E /* Project object */ = {
			isa = PBXProject;
			attributes = {
				LastUpgradeCheck = 0410;
				ORGANIZATIONNAME = "One Guy Group, Inc.";
			};
			buildConfigurationList = 2ED29FAF13FCC0F900750A4E /* Build configuration list for PBXProject "DSPFiltersDemo" */;
			compatibilityVersion = "Xcode 3.2";
			developmentRegion = English;
			hasScannedForEncodings = 0;
			knownRegions = (
				en,
			);
			mainGroup = 2ED29FAA13FCC0F900750A4E;
			productRefGroup = 2ED29FB613FCC0FA00750A4E /* Products */;
			projectDirPath = "";
			projectReferences = (
				{
					ProductGroup = 2EF3B4AF140F65BE002CE947 /* Products */;
					ProjectRef = 2EF3B4AE140F65BE002CE947 /* DSPFilters.xcodeproj */;
				},
				{
					ProductGroup = 2EF3B4A0140F65A1002CE947 /* Products */;
					ProjectRef = 2EF3B49F140F65A1002CE947 /* JuceAmalgam.xcodeproj */;
				},
			);
			projectRoot = "";
			targets = (
				2ED29FB413FCC0FA00750A4E /* DSP Filters Demo Mac */,
				2ED2A08513FCD1FC00750A4E /* DSP Filters Demo iOS */,
			);
		};
/* End PBXProject section */

/* Begin PBXReferenceProxy section */
		2EF3B4A8140F65A1002CE947 /* libJuceAmalgamMac.a */ = {
			isa = PBXReferenceProxy;
			fileType = archive.ar;
			path = libJuceAmalgamMac.a;
			remoteRef = 2EF3B4A7140F65A1002CE947 /* PBXContainerItemProxy */;
			sourceTree = BUILT_PRODUCTS_DIR;
		};
		2EF3B4AA140F65A1002CE947 /* libJuceAmalgamiOS.a */ = {
			isa = PBXReferenceProxy;
			fileType = archive.ar;
			path = libJuceAmalgamiOS.a;
			remoteRef = 2EF3B4A9140F65A1002CE947 /* PBXContainerItemProxy */;
			sourceTree = BUILT_PRODUCTS_DIR;
		};
		2EF3B4B7140F65BF002CE947 /* libDSPFiltersMacOS.a */ = {
			isa = PBXReferenceProxy;
			fileType = archive.ar;
			path = libDSPFiltersMacOS.a;
			remoteRef = 2EF3B4B6140F65BF002CE947 /* PBXContainerItemProxy */;
			sourceTree = BUILT_PRODUCTS_DIR;
		};
		2EF3B4B9140F65BF002CE947 /* libDSPFiltersiOS.a */ = {
			isa = PBXReferenceProxy;
			fileType = archive.ar;
			path = libDSPFiltersiOS.a;
			remoteRef = 2EF3B4B8140F65BF002CE947 /* PBXContainerItemProxy */;
			sourceTree = BUILT_PRODUCTS_DIR;
		};
/* End PBXReferenceProxy section */

/* Begin PBXResourcesBuildPhase section */
		2ED29FB313FCC0FA00750A4E /* Resources */ = {
			isa = PBXResourcesBuildPhase;
			buildActionMask = 2147483647;
			files = (
				2E60CAD113FF63650088FA2C /* Mac.icns in Resources */,
			);
			runOnlyForDeploymentPostprocessing = 0;
		};
		2ED2A08413FCD1FC00750A4E /* Resources */ = {
			isa = PBXResourcesBuildPhase;
			buildActionMask = 2147483647;
			files = (
				2E71C273140071AD00643CF1 /* Icon-72.png in Resources */,
				2E71C274140071AD00643CF1 /* Icon-Small-50.png in Resources */,
				2E71C275140071AD00643CF1 /* Icon-Small.png in Resources */,
				2E71C276140071AD00643CF1 /* Icon-Small@2x.png in Resources */,
				2E71C277140071AD00643CF1 /* Icon.png in Resources */,
				2E71C278140071AD00643CF1 /* Icon@2x.png in Resources */,
				2E71C279140071AD00643CF1 /* iTunesArtwork.png in Resources */,
			);
			runOnlyForDeploymentPostprocessing = 0;
		};
/* End PBXResourcesBuildPhase section */

/* Begin PBXSourcesBuildPhase section */
		2ED29FB113FCC0FA00750A4E /* Sources */ = {
			isa = PBXSourcesBuildPhase;
			buildActionMask = 2147483647;
			files = (
				2EA085BE13FDADB10051A437 /* AudioOutput.cpp in Sources */,
				2EA085C013FDADB10051A437 /* binaries.cpp in Sources */,
				2EA085C213FDADB10051A437 /* BrickWallChart.cpp in Sources */,
				2EA085C413FDADB10051A437 /* CpuMeter.cpp in Sources */,
				2EA085C613FDADB10051A437 /* FilterChart.cpp in Sources */,
				2EA085C813FDADB10051A437 /* FilterControls.cpp in Sources */,
				2EA085CA13FDADB10051A437 /* FilteringAudioSource.cpp in Sources */,
				2EA085CC13FDADB10051A437 /* GainChart.cpp in Sources */,
				2EA085CE13FDADB10051A437 /* GroupDelayChart.cpp in Sources */,
				2EA085D013FDADB10051A437 /* MainApp.cpp in Sources */,
				2EA085D213FDADB10051A437 /* MainPanel.cpp in Sources */,
				2EA085D413FDADB10051A437 /* MainWindow.cpp in Sources */,
				2EA085D613FDADB10051A437 /* NoiseAudioSource.cpp in Sources */,
				2EA085D813FDADB10051A437 /* PhaseChart.cpp in Sources */,
				2EA085DA13FDADB10051A437 /* PoleZeroChart.cpp in Sources */,
				2EA085DC13FDADB10051A437 /* ResamplingReader.cpp in Sources */,
				2EA085DE13FDADB10051A437 /* ResizableLayout.cpp in Sources */,
				2EA085E013FDADB10051A437 /* SettingsPanel.cpp in Sources */,
				2EA085E213FDADB10051A437 /* SettingsWindow.cpp in Sources */,
				2EA085E413FDADB10051A437 /* SliderGroup.cpp in Sources */,
				2EA085E613FDADB10051A437 /* StepResponseChart.cpp in Sources */,
				2EA085E813FDADB10051A437 /* ThreadQueue.cpp in Sources */,
			);
			runOnlyForDeploymentPostprocessing = 0;
		};
		2ED2A08213FCD1FC00750A4E /* Sources */ = {
			isa = PBXSourcesBuildPhase;
			buildActionMask = 2147483647;
			files = (
				2EA085BF13FDADB10051A437 /* AudioOutput.cpp in Sources */,
				2EA085C113FDADB10051A437 /* binaries.cpp in Sources */,
				2EA085C313FDADB10051A437 /* BrickWallChart.cpp in Sources */,
				2EA085C513FDADB10051A437 /* CpuMeter.cpp in Sources */,
				2EA085C713FDADB10051A437 /* FilterChart.cpp in Sources */,
				2EA085C913FDADB10051A437 /* FilterControls.cpp in Sources */,
				2EA085CB13FDADB10051A437 /* FilteringAudioSource.cpp in Sources */,
				2EA085CD13FDADB10051A437 /* GainChart.cpp in Sources */,
				2EA085CF13FDADB10051A437 /* GroupDelayChart.cpp in Sources */,
				2EA085D113FDADB10051A437 /* MainApp.cpp in Sources */,
				2EA085D313FDADB10051A437 /* MainPanel.cpp in Sources */,
				2EA085D513FDADB10051A437 /* MainWindow.cpp in Sources */,
				2EA085D713FDADB10051A437 /* NoiseAudioSource.cpp in Sources */,
				2EA085D913FDADB10051A437 /* PhaseChart.cpp in Sources */,
				2EA085DB13FDADB10051A437 /* PoleZeroChart.cpp in Sources */,
				2EA085DD13FDADB10051A437 /* ResamplingReader.cpp in Sources */,
				2EA085DF13FDADB10051A437 /* ResizableLayout.cpp in Sources */,
				2EA085E113FDADB10051A437 /* SettingsPanel.cpp in Sources */,
				2EA085E313FDADB10051A437 /* SettingsWindow.cpp in Sources */,
				2EA085E513FDADB10051A437 /* SliderGroup.cpp in Sources */,
				2EA085E713FDADB10051A437 /* StepResponseChart.cpp in Sources */,
				2EA085E913FDADB10051A437 /* ThreadQueue.cpp in Sources */,
			);
			runOnlyForDeploymentPostprocessing = 0;
		};
/* End PBXSourcesBuildPhase section */

/* Begin PBXTargetDependency section */
		2EAEC4BC140F6949003F36FE /* PBXTargetDependency */ = {
			isa = PBXTargetDependency;
			name = DSPFiltersMacOS;
			targetProxy = 2EAEC4BB140F6949003F36FE /* PBXContainerItemProxy */;
		};
		2EAEC4BE140F694B003F36FE /* PBXTargetDependency */ = {
			isa = PBXTargetDependency;
			name = "Juce Amalgam Mac";
			targetProxy = 2EAEC4BD140F694B003F36FE /* PBXContainerItemProxy */;
		};
		2EAEC4C0140F694F003F36FE /* PBXTargetDependency */ = {
			isa = PBXTargetDependency;
			name = DSPFiltersiOS;
			targetProxy = 2EAEC4BF140F694F003F36FE /* PBXContainerItemProxy */;
		};
		2EAEC4C2140F6952003F36FE /* PBXTargetDependency */ = {
			isa = PBXTargetDependency;
			name = "Juce Amalgam iOS";
			targetProxy = 2EAEC4C1140F6952003F36FE /* PBXContainerItemProxy */;
		};
/* End PBXTargetDependency section */

/* Begin XCBuildConfiguration section */
		2ED29FD113FCC0FA00750A4E /* Debug */ = {
			isa = XCBuildConfiguration;
			baseConfigurationReference = 2EF3B47E140F5095002CE947 /* SharedDebug.xcconfig */;
			buildSettings = {
				ALWAYS_SEARCH_USER_PATHS = YES;
				EXECUTABLE_PREFIX = app;
				GCC_PRECOMPILE_PREFIX_HEADER = YES;
				GCC_PREFIX_HEADER = Prefix.pch;
				GCC_PREPROCESSOR_DEFINITIONS = (
					"DEBUG=1",
					"_DEBUG=1",
					"JUCE_ObjCExtraSuffix=",
					"JUCE_UNIT_TESTS=1",
					"$(inherited)",
				);
				HEADER_SEARCH_PATHS = (
					../../../JuceAmalgam,
					../../../DSPFilters/include,
				);
				PRODUCT_NAME = "DSP Filters";
				SDKROOT = macosx10.6;
			};
			name = Debug;
		};
		2ED29FD213FCC0FA00750A4E /* Release */ = {
			isa = XCBuildConfiguration;
			baseConfigurationReference = 2EF3B482140F5095002CE947 /* SharedReleaseApp.xcconfig */;
			buildSettings = {
				ALWAYS_SEARCH_USER_PATHS = YES;
				EXECUTABLE_PREFIX = app;
				GCC_PRECOMPILE_PREFIX_HEADER = YES;
				GCC_PREFIX_HEADER = Prefix.pch;
				GCC_PREPROCESSOR_DEFINITIONS = (
					"NDEBUG=1",
					"_NDEBUG=1",
					"JUCE_ObjCExtraSuffix=",
					"$(inherited)",
				);
				HEADER_SEARCH_PATHS = (
					../../../JuceAmalgam,
					../../../DSPFilters/include,
				);
				PRODUCT_NAME = "DSP Filters";
				SDKROOT = macosx10.6;
			};
			name = Release;
		};
		2ED29FD413FCC0FA00750A4E /* Debug */ = {
			isa = XCBuildConfiguration;
			baseConfigurationReference = 2EF3B480140F5095002CE947 /* SharedMacOS.xcconfig */;
			buildSettings = {
				INFOPLIST_FILE = MacInfo.plist;
			};
			name = Debug;
		};
		2ED29FD513FCC0FA00750A4E /* Release */ = {
			isa = XCBuildConfiguration;
			baseConfigurationReference = 2EF3B480140F5095002CE947 /* SharedMacOS.xcconfig */;
			buildSettings = {
				INFOPLIST_FILE = MacInfo.plist;
			};
			name = Release;
		};
		2ED2A0A913FCD1FC00750A4E /* Debug */ = {
			isa = XCBuildConfiguration;
			baseConfigurationReference = 2EF3B47F140F5095002CE947 /* SharediOS.xcconfig */;
			buildSettings = {
				"CODE_SIGN_IDENTITY[sdk=iphoneos*]" = "iPhone Developer";
				FRAMEWORK_SEARCH_PATHS = (
					"$(inherited)",
					"\"$(SDKROOT)/../../Platforms/iPhoneOS.platform/Developer/SDKs/iPhoneOS4.3.sdk/System/Library/Frameworks\"",
				);
				INFOPLIST_FILE = iOSInfo.plist;
				SDKROOT = iphoneos4.3;
			};
			name = Debug;
		};
		2ED2A0AA13FCD1FC00750A4E /* Release */ = {
			isa = XCBuildConfiguration;
			baseConfigurationReference = 2EF3B47F140F5095002CE947 /* SharediOS.xcconfig */;
			buildSettings = {
				"CODE_SIGN_IDENTITY[sdk=iphoneos*]" = "iPhone Developer";
				FRAMEWORK_SEARCH_PATHS = (
					"$(inherited)",
					"\"$(SDKROOT)/../../Platforms/iPhoneOS.platform/Developer/SDKs/iPhoneOS4.3.sdk/System/Library/Frameworks\"",
				);
				INFOPLIST_FILE = iOSInfo.plist;
				SDKROOT = iphoneos4.3;
			};
			name = Release;
		};
/* End XCBuildConfiguration section */

/* Begin XCConfigurationList section */
		2ED29FAF13FCC0F900750A4E /* Build configuration list for PBXProject "DSPFiltersDemo" */ = {
			isa = XCConfigurationList;
			buildConfigurations = (
				2ED29FD113FCC0FA00750A4E /* Debug */,
				2ED29FD213FCC0FA00750A4E /* Release */,
			);
			defaultConfigurationIsVisible = 0;
			defaultConfigurationName = Debug;
		};
		2ED29FD313FCC0FA00750A4E /* Build configuration list for PBXNativeTarget "DSP Filters Demo Mac" */ = {
			isa = XCConfigurationList;
			buildConfigurations = (
				2ED29FD413FCC0FA00750A4E /* Debug */,
				2ED29FD513FCC0FA00750A4E /* Release */,
			);
			defaultConfigurationIsVisible = 0;
			defaultConfigurationName = Debug;
		};
		2ED2A0A813FCD1FC00750A4E /* Build configuration list for PBXNativeTarget "DSP Filters Demo iOS" */ = {
			isa = XCConfigurationList;
			buildConfigurations = (
				2ED2A0A913FCD1FC00750A4E /* Debug */,
				2ED2A0AA13FCD1FC00750A4E /* Release */,
			);
			defaultConfigurationIsVisible = 0;
			defaultConfigurationName = Debug;
		};
/* End XCConfigurationList section */
	};
	rootObject = 2ED29FAC13FCC0F900750A4E /* Project object */;
}
