// !$*UTF8*$!
{
	archiveVersion = 1;
	classes = {
	};
	objectVersion = 46;
	objects = {

		12743CC12F866DBF35A01586 = { isa = PBXBuildFile; fileRef = 51ED0FFA39A73CEACE9B406B; };
		01664F5BA74E595F652E9263 = { isa = PBXFileReference; lastKnownFileType = sourcecode.c.h; name = Legendre.h; path = "../../modules/dsp_filters/filters/Legendre.h"; sourceTree = "SOURCE_ROOT"; };
		0171543F8B24F05F2D7DC992 = { isa = PBXFileReference; lastKnownFileType = sourcecode.cpp.cpp; name = Design.cpp; path = "../../modules/dsp_filters/filters/Design.cpp"; sourceTree = "SOURCE_ROOT"; };
		04745E8A956CFA8DA9A495A7 = { isa = PBXFileReference; lastKnownFileType = sourcecode.c.h; name = Design.h; path = "../../modules/dsp_filters/filters/Design.h"; sourceTree = "SOURCE_ROOT"; };
		05203FEC1F90973A84CEDE20 = { isa = PBXFileReference; lastKnownFileType = sourcecode.c.h; name = RBJ.h; path = "../../modules/dsp_filters/filters/RBJ.h"; sourceTree = "SOURCE_ROOT"; };
		0746E096BF5856DF61D67C69 = { isa = PBXFileReference; lastKnownFileType = sourcecode.cpp.cpp; name = Biquad.cpp; path = "../../modules/dsp_filters/filters/Biquad.cpp"; sourceTree = "SOURCE_ROOT"; };
		07E58477DEB339F6C49891B9 = { isa = PBXFileReference; lastKnownFileType = sourcecode.c.h; name = Elliptic.h; path = "../../modules/dsp_filters/filters/Elliptic.h"; sourceTree = "SOURCE_ROOT"; };
		08C33C177B04E6E9982F28CA = { isa = PBXFileReference; lastKnownFileType = sourcecode.cpp.cpp; name = RootFinder.cpp; path = "../../modules/dsp_filters/filters/RootFinder.cpp"; sourceTree = "SOURCE_ROOT"; };
		0B7BBF715FFEB029C8C40793 = { isa = PBXFileReference; lastKnownFileType = sourcecode.cpp.cpp; name = ChebyshevII.cpp; path = "../../modules/dsp_filters/filters/ChebyshevII.cpp"; sourceTree = "SOURCE_ROOT"; };
		125E3A89CBC1A9CDFD0A001C = { isa = PBXFileReference; lastKnownFileType = sourcecode.cpp.cpp; name = Custom.cpp; path = "../../modules/dsp_filters/filters/Custom.cpp"; sourceTree = "SOURCE_ROOT"; };
		16DC5CD2953D6B92D2D204CE = { isa = PBXFileReference; lastKnownFileType = sourcecode.c.h; name = Bessel.h; path = "../../modules/dsp_filters/filters/Bessel.h"; sourceTree = "SOURCE_ROOT"; };
		1AFBB984FFDFBE62BB433DA9 = { isa = PBXFileReference; explicitFileType = archive.ar; includeInIndex = 0; path = libDSPFilters.a; sourceTree = "BUILT_PRODUCTS_DIR"; };
		29152CD9C27A0A57721A0C39 = { isa = PBXFileReference; lastKnownFileType = sourcecode.c.h; name = Layout.h; path = "../../modules/dsp_filters/filters/Layout.h"; sourceTree = "SOURCE_ROOT"; };
		2D1F94DB87D657B6172FEA06 = { isa = PBXFileReference; lastKnownFileType = sourcecode.c.h; name = JuceHeader.h; path = ../Jucer/JuceLibraryCode/JuceHeader.h; sourceTree = "SOURCE_ROOT"; };
		2F28EB021E8DB23FA06B453D = { isa = PBXFileReference; lastKnownFileType = sourcecode.c.h; name = "dsp_filters.h"; path = "../../modules/dsp_filters/dsp_filters.h"; sourceTree = "SOURCE_ROOT"; };
		3E1B8BC14CFC16E95C611CE5 = { isa = PBXFileReference; lastKnownFileType = sourcecode.c.h; name = ChebyshevI.h; path = "../../modules/dsp_filters/filters/ChebyshevI.h"; sourceTree = "SOURCE_ROOT"; };
		411A543194CAFB2DD6A7C047 = { isa = PBXFileReference; lastKnownFileType = sourcecode.c.h; name = Cascade.h; path = "../../modules/dsp_filters/filters/Cascade.h"; sourceTree = "SOURCE_ROOT"; };
		47DB310F4AF1529CFF1C709E = { isa = PBXFileReference; lastKnownFileType = sourcecode.cpp.cpp; name = Butterworth.cpp; path = "../../modules/dsp_filters/filters/Butterworth.cpp"; sourceTree = "SOURCE_ROOT"; };
		480E538B9D991504F480AF6C = { isa = PBXFileReference; lastKnownFileType = sourcecode.cpp.cpp; name = Legendre.cpp; path = "../../modules/dsp_filters/filters/Legendre.cpp"; sourceTree = "SOURCE_ROOT"; };
		4EDCC306A0F8CFF42A322455 = { isa = PBXFileReference; lastKnownFileType = sourcecode.c.h; name = Filter.h; path = "../../modules/dsp_filters/filters/Filter.h"; sourceTree = "SOURCE_ROOT"; };
		51E1999FB9DAC2CAB5AD469D = { isa = PBXFileReference; lastKnownFileType = sourcecode.cpp.cpp; name = RBJ.cpp; path = "../../modules/dsp_filters/filters/RBJ.cpp"; sourceTree = "SOURCE_ROOT"; };
		51ED0FFA39A73CEACE9B406B = { isa = PBXFileReference; lastKnownFileType = sourcecode.cpp.cpp; name = "dsp_filters.cpp"; path = "../../modules/dsp_filters/dsp_filters.cpp"; sourceTree = "SOURCE_ROOT"; };
		5868273A01ED7C43FCFE4246 = { isa = PBXFileReference; lastKnownFileType = sourcecode.cpp.cpp; name = Elliptic.cpp; path = "../../modules/dsp_filters/filters/Elliptic.cpp"; sourceTree = "SOURCE_ROOT"; };
		5CD77E5B53EA41E05DB4DCC4 = { isa = PBXFileReference; lastKnownFileType = sourcecode.cpp.cpp; name = Cascade.cpp; path = "../../modules/dsp_filters/filters/Cascade.cpp"; sourceTree = "SOURCE_ROOT"; };
		608ADF1BC6B61F9FF3624587 = { isa = PBXFileReference; lastKnownFileType = sourcecode.c.h; name = State.h; path = "../../modules/dsp_filters/filters/State.h"; sourceTree = "SOURCE_ROOT"; };
		64B8A21C590498BAD43C51CF = { isa = PBXFileReference; lastKnownFileType = sourcecode.c.h; name = RootFinder.h; path = "../../modules/dsp_filters/filters/RootFinder.h"; sourceTree = "SOURCE_ROOT"; };
		68C14CF9265BE3277DEF2649 = { isa = PBXFileReference; lastKnownFileType = sourcecode.c.h; name = PoleFilter.h; path = "../../modules/dsp_filters/filters/PoleFilter.h"; sourceTree = "SOURCE_ROOT"; };
		6DC765519E866568174993AF = { isa = PBXFileReference; lastKnownFileType = sourcecode.cpp.cpp; name = State.cpp; path = "../../modules/dsp_filters/filters/State.cpp"; sourceTree = "SOURCE_ROOT"; };
		6FD557ACA0352FE4BF9BF47F = { isa = PBXFileReference; lastKnownFileType = sourcecode.c.h; name = Utilities.h; path = "../../modules/dsp_filters/filters/Utilities.h"; sourceTree = "SOURCE_ROOT"; };
		72826C69191532FFB29B222D = { isa = PBXFileReference; lastKnownFileType = sourcecode.c.h; name = Types.h; path = "../../modules/dsp_filters/filters/Types.h"; sourceTree = "SOURCE_ROOT"; };
		865C16E905E2597D857B516F = { isa = PBXFileReference; lastKnownFileType = sourcecode.cpp.cpp; name = PoleFilter.cpp; path = "../../modules/dsp_filters/filters/PoleFilter.cpp"; sourceTree = "SOURCE_ROOT"; };
		A6239C09FB5CEB1FC10E77AA = { isa = PBXFileReference; lastKnownFileType = sourcecode.c.h; name = SmoothedFilter.h; path = "../../modules/dsp_filters/filters/SmoothedFilter.h"; sourceTree = "SOURCE_ROOT"; };
		A9BBD1E764E8E3A72CD89413 = { isa = PBXFileReference; lastKnownFileType = sourcecode.cpp.cpp; name = ChebyshevI.cpp; path = "../../modules/dsp_filters/filters/ChebyshevI.cpp"; sourceTree = "SOURCE_ROOT"; };
		B27A359B9028B18DC2BBBE26 = { isa = PBXFileReference; lastKnownFileType = sourcecode.c.h; name = ChebyshevII.h; path = "../../modules/dsp_filters/filters/ChebyshevII.h"; sourceTree = "SOURCE_ROOT"; };
		BE25AF1FBBB49BA290FFDCF4 = { isa = PBXFileReference; lastKnownFileType = sourcecode.c.h; name = MathSupplement.h; path = "../../modules/dsp_filters/filters/MathSupplement.h"; sourceTree = "SOURCE_ROOT"; };
		BFF5388597EA14D41B2C103F = { isa = PBXFileReference; lastKnownFileType = sourcecode.cpp.cpp; name = Bessel.cpp; path = "../../modules/dsp_filters/filters/Bessel.cpp"; sourceTree = "SOURCE_ROOT"; };
		C590E12A94AA5997AE8D5358 = { isa = PBXFileReference; lastKnownFileType = sourcecode.c.h; name = AppConfig.h; path = ../Jucer/JuceLibraryCode/AppConfig.h; sourceTree = "SOURCE_ROOT"; };
		CEA510575C538E3E9639079C = { isa = PBXFileReference; lastKnownFileType = sourcecode.cpp.cpp; name = Filter.cpp; path = "../../modules/dsp_filters/filters/Filter.cpp"; sourceTree = "SOURCE_ROOT"; };
		E725F089E72576397F14AF3B = { isa = PBXFileReference; lastKnownFileType = sourcecode.c.h; name = Butterworth.h; path = "../../modules/dsp_filters/filters/Butterworth.h"; sourceTree = "SOURCE_ROOT"; };
		EE35D5E427FE5CF0D3120C64 = { isa = PBXFileReference; lastKnownFileType = sourcecode.c.h; name = Biquad.h; path = "../../modules/dsp_filters/filters/Biquad.h"; sourceTree = "SOURCE_ROOT"; };
		F68D253D90E7BFD4949C5C33 = { isa = PBXFileReference; lastKnownFileType = sourcecode.c.h; name = Custom.h; path = "../../modules/dsp_filters/filters/Custom.h"; sourceTree = "SOURCE_ROOT"; };
		F93264AF294DF154A9CF4BAF = { isa = PBXFileReference; lastKnownFileType = sourcecode.c.h; name = Params.h; path = "../../modules/dsp_filters/filters/Params.h"; sourceTree = "SOURCE_ROOT"; };
		FA398EA3A7982AB58E9CBB32 = { isa = PBXFileReference; lastKnownFileType = sourcecode.cpp.cpp; name = Documentation.cpp; path = "../../modules/dsp_filters/filters/Documentation.cpp"; sourceTree = "SOURCE_ROOT"; };
		FF407F9A114268441D238CBE = { isa = PBXFileReference; lastKnownFileType = sourcecode.cpp.cpp; name = Param.cpp; path = "../../modules/dsp_filters/filters/Param.cpp"; sourceTree = "SOURCE_ROOT"; };
		0D1867A188C43AA2707488FC = { isa = PBXGroup; children = (
				EE35D5E427FE5CF0D3120C64,
				47DB310F4AF1529CFF1C709E,
				E725F089E72576397F14AF3B,
				5CD77E5B53EA41E05DB4DCC4,
				411A543194CAFB2DD6A7C047,
				A9BBD1E764E8E3A72CD89413,
				3E1B8BC14CFC16E95C611CE5,
				0B7BBF715FFEB029C8C40793,
				B27A359B9028B18DC2BBBE26,
				125E3A89CBC1A9CDFD0A001C,
				F68D253D90E7BFD4949C5C33,
				0171543F8B24F05F2D7DC992,
				04745E8A956CFA8DA9A495A7,
				FA398EA3A7982AB58E9CBB32,
				5868273A01ED7C43FCFE4246,
				07E58477DEB339F6C49891B9,
				CEA510575C538E3E9639079C,
				4EDCC306A0F8CFF42A322455,
				29152CD9C27A0A57721A0C39,
				480E538B9D991504F480AF6C,
				01664F5BA74E595F652E9263,
				BE25AF1FBBB49BA290FFDCF4,
				FF407F9A114268441D238CBE,
				F93264AF294DF154A9CF4BAF,
				865C16E905E2597D857B516F,
				68C14CF9265BE3277DEF2649,
				51E1999FB9DAC2CAB5AD469D,
				05203FEC1F90973A84CEDE20,
				08C33C177B04E6E9982F28CA,
				64B8A21C590498BAD43C51CF,
				A6239C09FB5CEB1FC10E77AA,
				6DC765519E866568174993AF,
				608ADF1BC6B61F9FF3624587,
				72826C69191532FFB29B222D,
				6FD557ACA0352FE4BF9BF47F,
				BFF5388597EA14D41B2C103F,
				16DC5CD2953D6B92D2D204CE,
				0746E096BF5856DF61D67C69 ); name = filters; sourceTree = "<group>"; };
		2380C0BE9473035FC256644F = { isa = PBXGroup; children = (
				51ED0FFA39A73CEACE9B406B,
				2F28EB021E8DB23FA06B453D,
				0D1867A188C43AA2707488FC ); name = DSPFilters; sourceTree = "<group>"; };
		639ECC0B8BF58ADF9A42CA26 = { isa = PBXGroup; children = (
				C590E12A94AA5997AE8D5358,
				2D1F94DB87D657B6172FEA06 ); name = "Juce Library Code"; sourceTree = "<group>"; };
		6CBB3CA2D759FD65D20858CF = { isa = PBXGroup; children = (  ); name = Resources; sourceTree = "<group>"; };
		64B618A201864E77976BFFF8 = { isa = PBXGroup; children = (  ); name = Frameworks; sourceTree = "<group>"; };
		08805494E88C2533DE643EC3 = { isa = PBXGroup; children = (
				1AFBB984FFDFBE62BB433DA9 ); name = Products; sourceTree = "<group>"; };
		CAA2FEABCD43834D018D3D7D = { isa = PBXGroup; children = (
				2380C0BE9473035FC256644F,
				639ECC0B8BF58ADF9A42CA26,
				6CBB3CA2D759FD65D20858CF,
				64B618A201864E77976BFFF8,
				08805494E88C2533DE643EC3 ); name = Source; sourceTree = "<group>"; };
		1687CA62576437571ADC5618 = { isa = XCBuildConfiguration; buildSettings = {
				SRCROOT = "../Jucer";
				HEADER_SEARCH_PATHS = "../Jucer/JuceLibraryCode $(inherited)";
				GCC_OPTIMIZATION_LEVEL = 0;
				INFOPLIST_FILE = Info.plist;
				CONFIGURATION_BUILD_DIR = "$(BUILD_DIR)";
				DEPLOYMENT_LOCATION = YES;
				MACOSX_DEPLOYMENT_TARGET_ppc = 10.4;
				SDKROOT_ppc = macosx10.5;
				GCC_VERSION = com.apple.compilers.llvm.clang.1_0;
				CLANG_CXX_LANGUAGE_STANDARD = "c++0x";
				ONLY_ACTIVE_ARCH = YES;
				COPY_PHASE_STRIP = NO;
				GCC_DYNAMIC_NO_PIC = NO;
				GCC_PREPROCESSOR_DEFINITIONS = (
				"_DEBUG=1",
				"DEBUG=1",
				"JUCER_XCODE_MAC_8DF12694=1"); }; name = Debug; };
		4AD79A804CE0851549BAF368 = { isa = XCBuildConfiguration; buildSettings = {
				SRCROOT = "../Jucer";
				HEADER_SEARCH_PATHS = "../Jucer/JuceLibraryCode $(inherited)";
				GCC_OPTIMIZATION_LEVEL = s;
				INFOPLIST_FILE = Info.plist;
				CONFIGURATION_BUILD_DIR = "$(BUILD_DIR)";
				DEPLOYMENT_LOCATION = YES;
				MACOSX_DEPLOYMENT_TARGET_ppc = 10.4;
				SDKROOT_ppc = macosx10.5;
				GCC_VERSION = com.apple.compilers.llvm.clang.1_0;
				CLANG_CXX_LANGUAGE_STANDARD = "c++0x";
				GCC_GENERATE_DEBUGGING_SYMBOLS = NO;
				GCC_SYMBOLS_PRIVATE_EXTERN = YES;
				GCC_PREPROCESSOR_DEFINITIONS = (
				"_NDEBUG=1",
				"NDEBUG=1",
				"JUCER_XCODE_MAC_8DF12694=1"); }; name = Release; };
		1DAEB252E00D8239F11C387E = { isa = XCBuildConfiguration; buildSettings = {
				ALWAYS_SEARCH_USER_PATHS = NO;
				GCC_C_LANGUAGE_STANDARD = c99;
				GCC_WARN_ABOUT_RETURN_TYPE = YES;
				GCC_WARN_CHECK_SWITCH_STATEMENTS = YES;
				GCC_WARN_UNUSED_VARIABLE = YES;
				GCC_WARN_MISSING_PARENTHESES = YES;
				GCC_WARN_NON_VIRTUAL_DESTRUCTOR = YES;
				GCC_WARN_TYPECHECK_CALLS_TO_PRINTF = YES;
				WARNING_CFLAGS = -Wreorder;
				GCC_MODEL_TUNING = G5;
				GCC_INLINES_ARE_PRIVATE_EXTERN = NO;
				GCC_SYMBOLS_PRIVATE_EXTERN = NO;
				ZERO_LINK = NO;
				DEBUG_INFORMATION_FORMAT = "dwarf";
				PRODUCT_NAME = "DSPFilters"; }; name = Debug; };
		61DDD75B19DB0D562F1878B7 = { isa = XCBuildConfiguration; buildSettings = {
				ALWAYS_SEARCH_USER_PATHS = NO;
				GCC_C_LANGUAGE_STANDARD = c99;
				GCC_WARN_ABOUT_RETURN_TYPE = YES;
				GCC_WARN_CHECK_SWITCH_STATEMENTS = YES;
				GCC_WARN_UNUSED_VARIABLE = YES;
				GCC_WARN_MISSING_PARENTHESES = YES;
				GCC_WARN_NON_VIRTUAL_DESTRUCTOR = YES;
				GCC_WARN_TYPECHECK_CALLS_TO_PRINTF = YES;
				WARNING_CFLAGS = -Wreorder;
				GCC_MODEL_TUNING = G5;
				GCC_INLINES_ARE_PRIVATE_EXTERN = NO;
				GCC_SYMBOLS_PRIVATE_EXTERN = NO;
				ZERO_LINK = NO;
				DEBUG_INFORMATION_FORMAT = "dwarf";
				PRODUCT_NAME = "DSPFilters"; }; name = Release; };
		271336A27C1AA72FE7CEF3E1 = { isa = XCConfigurationList; buildConfigurations = (
				1DAEB252E00D8239F11C387E,
				61DDD75B19DB0D562F1878B7 ); defaultConfigurationIsVisible = 0; defaultConfigurationName = Debug; };
		63AC112A52D4968E694F5E7A = { isa = XCConfigurationList; buildConfigurations = (
				1687CA62576437571ADC5618,
				4AD79A804CE0851549BAF368 ); defaultConfigurationIsVisible = 0; defaultConfigurationName = Debug; };
		D15BCBD98154230AA259D6B0 = { isa = PBXResourcesBuildPhase; buildActionMask = 2147483647; files = (  ); runOnlyForDeploymentPostprocessing = 0; };
		0C9131D55D77A2B43BDFC6C7 = { isa = PBXSourcesBuildPhase; buildActionMask = 2147483647; files = (
				12743CC12F866DBF35A01586 ); runOnlyForDeploymentPostprocessing = 0; };
		67AE5C9C0E0A37029B618C63 = { isa = PBXFrameworksBuildPhase; buildActionMask = 2147483647; files = (  ); runOnlyForDeploymentPostprocessing = 0; };
		D2B64534FF8AE41DA8C2D5F2 = { isa = PBXNativeTarget; buildConfigurationList = 63AC112A52D4968E694F5E7A; buildPhases = (
				D15BCBD98154230AA259D6B0,
				0C9131D55D77A2B43BDFC6C7,
				67AE5C9C0E0A37029B618C63 ); buildRules = ( ); dependencies = ( ); name = DSPFilters; productName = DSPFilters; productReference = 1AFBB984FFDFBE62BB433DA9; productType = "com.apple.product-type.library.static"; };
		338F955B92618B1B0D392360 = { isa = PBXProject; buildConfigurationList = 271336A27C1AA72FE7CEF3E1; compatibilityVersion = "Xcode 3.2"; hasScannedForEncodings = 0; mainGroup = CAA2FEABCD43834D018D3D7D; projectDirPath = ""; projectRoot = ""; targets = ( D2B64534FF8AE41DA8C2D5F2 ); };
	};
	rootObject = 338F955B92618B1B0D392360;
}
